// !$*UTF8*$!
{
	archiveVersion = 1;
	classes = {
	};
	objectVersion = 46;
	objects = {

/* Begin PBXBuildFile section */
		0CD931B023C16FB996C23393 /* Pods_PixelEditor.framework in Frameworks */ = {isa = PBXBuildFile; fileRef = 12D413B498A8D14B2604C226 /* Pods_PixelEditor.framework */; };
		D145BB252054F30500AC71D1 /* AppDelegate.swift in Sources */ = {isa = PBXBuildFile; fileRef = D145BB242054F30500AC71D1 /* AppDelegate.swift */; };
		D145BB272054F4A000AC71D1 /* Main.storyboard in Resources */ = {isa = PBXBuildFile; fileRef = D145BB262054F4A000AC71D1 /* Main.storyboard */; };
		D145BB292054F4BE00AC71D1 /* Assets.xcassets in Resources */ = {isa = PBXBuildFile; fileRef = D145BB282054F4BE00AC71D1 /* Assets.xcassets */; };
		D15A1DBF1EC90017004DE60D /* ViewController.swift in Sources */ = {isa = PBXBuildFile; fileRef = D15A1DBE1EC90017004DE60D /* ViewController.swift */; };
		D15A1DCC1EC9006C004DE60D /* Pods_PixelEditor.framework in Embed Frameworks */ = {isa = PBXBuildFile; fileRef = 12D413B498A8D14B2604C226 /* Pods_PixelEditor.framework */; settings = {ATTRIBUTES = (CodeSignOnCopy, RemoveHeadersOnCopy, ); }; };
/* End PBXBuildFile section */

/* Begin PBXCopyFilesBuildPhase section */
		D15A1DCD1EC9006D004DE60D /* Embed Frameworks */ = {
			isa = PBXCopyFilesBuildPhase;
			buildActionMask = 2147483647;
			dstPath = "";
			dstSubfolderSpec = 10;
			files = (
				D15A1DCC1EC9006C004DE60D /* Pods_PixelEditor.framework in Embed Frameworks */,
			);
			name = "Embed Frameworks";
			runOnlyForDeploymentPostprocessing = 0;
		};
/* End PBXCopyFilesBuildPhase section */

/* Begin PBXFileReference section */
		12D413B498A8D14B2604C226 /* Pods_PixelEditor.framework */ = {isa = PBXFileReference; explicitFileType = wrapper.framework; includeInIndex = 0; path = Pods_PixelEditor.framework; sourceTree = BUILT_PRODUCTS_DIR; };
		A8AC044C759C2AF397426599 /* Pods-PixelEditor.release.xcconfig */ = {isa = PBXFileReference; includeInIndex = 1; lastKnownFileType = text.xcconfig; name = "Pods-PixelEditor.release.xcconfig"; path = "Pods/Target Support Files/Pods-PixelEditor/Pods-PixelEditor.release.xcconfig"; sourceTree = "<group>"; };
		BCA2BE2B5213F00CE895ACB6 /* Pods-PixelEditor.debug.xcconfig */ = {isa = PBXFileReference; includeInIndex = 1; lastKnownFileType = text.xcconfig; name = "Pods-PixelEditor.debug.xcconfig"; path = "Pods/Target Support Files/Pods-PixelEditor/Pods-PixelEditor.debug.xcconfig"; sourceTree = "<group>"; };
		D145BB242054F30500AC71D1 /* AppDelegate.swift */ = {isa = PBXFileReference; lastKnownFileType = sourcecode.swift; path = AppDelegate.swift; sourceTree = "<group>"; };
		D145BB262054F4A000AC71D1 /* Main.storyboard */ = {isa = PBXFileReference; fileEncoding = 4; lastKnownFileType = file.storyboard; path = Main.storyboard; sourceTree = "<group>"; };
		D145BB282054F4BE00AC71D1 /* Assets.xcassets */ = {isa = PBXFileReference; lastKnownFileType = folder.assetcatalog; path = Assets.xcassets; sourceTree = SOURCE_ROOT; };
		D15A1DB91EC90017004DE60D /* PixelEditor.app */ = {isa = PBXFileReference; explicitFileType = wrapper.application; includeInIndex = 0; path = PixelEditor.app; sourceTree = BUILT_PRODUCTS_DIR; };
		D15A1DBE1EC90017004DE60D /* ViewController.swift */ = {isa = PBXFileReference; lastKnownFileType = sourcecode.swift; path = ViewController.swift; sourceTree = "<group>"; };
		D15A1DC51EC90017004DE60D /* Info.plist */ = {isa = PBXFileReference; lastKnownFileType = text.plist.xml; path = Info.plist; sourceTree = "<group>"; };
/* End PBXFileReference section */

/* Begin PBXFrameworksBuildPhase section */
		D15A1DB61EC90017004DE60D /* Frameworks */ = {
			isa = PBXFrameworksBuildPhase;
			buildActionMask = 2147483647;
			files = (
				0CD931B023C16FB996C23393 /* Pods_PixelEditor.framework in Frameworks */,
			);
			runOnlyForDeploymentPostprocessing = 0;
		};
/* End PBXFrameworksBuildPhase section */

/* Begin PBXGroup section */
		1AB637D9C5B5DB239DF84AE2 /* Frameworks */ = {
			isa = PBXGroup;
			children = (
				12D413B498A8D14B2604C226 /* Pods_PixelEditor.framework */,
			);
			name = Frameworks;
			sourceTree = "<group>";
		};
		D15A1DB01EC90017004DE60D = {
			isa = PBXGroup;
			children = (
				D15A1DBB1EC90017004DE60D /* PixelEditor */,
				D15A1DBA1EC90017004DE60D /* Products */,
				D4D1C495975D5DBA8A997AD6 /* Pods */,
				1AB637D9C5B5DB239DF84AE2 /* Frameworks */,
			);
			sourceTree = "<group>";
		};
		D15A1DBA1EC90017004DE60D /* Products */ = {
			isa = PBXGroup;
			children = (
				D15A1DB91EC90017004DE60D /* PixelEditor.app */,
			);
			name = Products;
			sourceTree = "<group>";
		};
		D15A1DBB1EC90017004DE60D /* PixelEditor */ = {
			isa = PBXGroup;
			children = (
				D145BB282054F4BE00AC71D1 /* Assets.xcassets */,
				D145BB262054F4A000AC71D1 /* Main.storyboard */,
				D15A1DBE1EC90017004DE60D /* ViewController.swift */,
				D15A1DC51EC90017004DE60D /* Info.plist */,
				D145BB242054F30500AC71D1 /* AppDelegate.swift */,
			);
			path = PixelEditor;
			sourceTree = "<group>";
		};
		D4D1C495975D5DBA8A997AD6 /* Pods */ = {
			isa = PBXGroup;
			children = (
				BCA2BE2B5213F00CE895ACB6 /* Pods-PixelEditor.debug.xcconfig */,
				A8AC044C759C2AF397426599 /* Pods-PixelEditor.release.xcconfig */,
			);
			name = Pods;
			sourceTree = "<group>";
		};
/* End PBXGroup section */

/* Begin PBXNativeTarget section */
		D15A1DB81EC90017004DE60D /* PixelEditor */ = {
			isa = PBXNativeTarget;
			buildConfigurationList = D15A1DC81EC90017004DE60D /* Build configuration list for PBXNativeTarget "PixelEditor" */;
			buildPhases = (
				A900AEBBE24F82C477183F90 /* [CP] Check Pods Manifest.lock */,
				D15A1DB51EC90017004DE60D /* Sources */,
				D15A1DB61EC90017004DE60D /* Frameworks */,
				D15A1DB71EC90017004DE60D /* Resources */,
				9EF8BF85C8BC508E9AD35422 /* [CP] Embed Pods Frameworks */,
				98A12F1203D9A800B28C1933 /* [CP] Copy Pods Resources */,
				D15A1DCD1EC9006D004DE60D /* Embed Frameworks */,
			);
			buildRules = (
			);
			dependencies = (
			);
			name = PixelEditor;
			productName = PixelEditor;
			productReference = D15A1DB91EC90017004DE60D /* PixelEditor.app */;
			productType = "com.apple.product-type.application";
		};
/* End PBXNativeTarget section */

/* Begin PBXProject section */
		D15A1DB11EC90017004DE60D /* Project object */ = {
			isa = PBXProject;
			attributes = {
				LastSwiftUpdateCheck = 0830;
				LastUpgradeCheck = 0830;
				ORGANIZATIONNAME = yellokrow;
				TargetAttributes = {
					D15A1DB81EC90017004DE60D = {
						CreatedOnToolsVersion = 8.3.2;
						ProvisioningStyle = Automatic;
					};
				};
			};
			buildConfigurationList = D15A1DB41EC90017004DE60D /* Build configuration list for PBXProject "PixelEditor" */;
			compatibilityVersion = "Xcode 3.2";
			developmentRegion = English;
			hasScannedForEncodings = 0;
			knownRegions = (
				en,
				Base,
			);
			mainGroup = D15A1DB01EC90017004DE60D;
			productRefGroup = D15A1DBA1EC90017004DE60D /* Products */;
			projectDirPath = "";
			projectRoot = "";
			targets = (
				D15A1DB81EC90017004DE60D /* PixelEditor */,
			);
		};
/* End PBXProject section */

/* Begin PBXResourcesBuildPhase section */
		D15A1DB71EC90017004DE60D /* Resources */ = {
			isa = PBXResourcesBuildPhase;
			buildActionMask = 2147483647;
			files = (
				D145BB272054F4A000AC71D1 /* Main.storyboard in Resources */,
				D145BB292054F4BE00AC71D1 /* Assets.xcassets in Resources */,
			);
			runOnlyForDeploymentPostprocessing = 0;
		};
/* End PBXResourcesBuildPhase section */

/* Begin PBXShellScriptBuildPhase section */
		98A12F1203D9A800B28C1933 /* [CP] Copy Pods Resources */ = {
			isa = PBXShellScriptBuildPhase;
			buildActionMask = 2147483647;
			files = (
			);
			inputPaths = (
			);
			name = "[CP] Copy Pods Resources";
			outputPaths = (
			);
			runOnlyForDeploymentPostprocessing = 0;
			shellPath = /bin/sh;
			shellScript = "\"${SRCROOT}/Pods/Target Support Files/Pods-PixelEditor/Pods-PixelEditor-resources.sh\"\n";
			showEnvVarsInLog = 0;
		};
		9EF8BF85C8BC508E9AD35422 /* [CP] Embed Pods Frameworks */ = {
			isa = PBXShellScriptBuildPhase;
			buildActionMask = 2147483647;
			files = (
			);
			inputPaths = (
				"${SRCROOT}/Pods/Target Support Files/Pods-PixelEditor/Pods-PixelEditor-frameworks.sh",
				"${BUILT_PRODUCTS_DIR}/ObjcExceptionBridging/ObjcExceptionBridging.framework",
				"${BUILT_PRODUCTS_DIR}/TileEditor/TileEditor.framework",
				"${BUILT_PRODUCTS_DIR}/XCGLogger/XCGLogger.framework",
			);
			name = "[CP] Embed Pods Frameworks";
			outputPaths = (
				"${TARGET_BUILD_DIR}/${FRAMEWORKS_FOLDER_PATH}/ObjcExceptionBridging.framework",
				"${TARGET_BUILD_DIR}/${FRAMEWORKS_FOLDER_PATH}/TileEditor.framework",
				"${TARGET_BUILD_DIR}/${FRAMEWORKS_FOLDER_PATH}/XCGLogger.framework",
			);
			runOnlyForDeploymentPostprocessing = 0;
			shellPath = /bin/sh;
			shellScript = "\"${SRCROOT}/Pods/Target Support Files/Pods-PixelEditor/Pods-PixelEditor-frameworks.sh\"\n";
			showEnvVarsInLog = 0;
		};
		A900AEBBE24F82C477183F90 /* [CP] Check Pods Manifest.lock */ = {
			isa = PBXShellScriptBuildPhase;
			buildActionMask = 2147483647;
			files = (
			);
			inputPaths = (
				"${PODS_PODFILE_DIR_PATH}/Podfile.lock",
				"${PODS_ROOT}/Manifest.lock",
			);
			name = "[CP] Check Pods Manifest.lock";
			outputPaths = (
				"$(DERIVED_FILE_DIR)/Pods-PixelEditor-checkManifestLockResult.txt",
			);
			runOnlyForDeploymentPostprocessing = 0;
			shellPath = /bin/sh;
			shellScript = "diff \"${PODS_PODFILE_DIR_PATH}/Podfile.lock\" \"${PODS_ROOT}/Manifest.lock\" > /dev/null\nif [ $? != 0 ] ; then\n    # print error to STDERR\n    echo \"error: The sandbox is not in sync with the Podfile.lock. Run 'pod install' or update your CocoaPods installation.\" >&2\n    exit 1\nfi\n# This output is used by Xcode 'outputs' to avoid re-running this script phase.\necho \"SUCCESS\" > \"${SCRIPT_OUTPUT_FILE_0}\"\n";
			showEnvVarsInLog = 0;
		};
/* End PBXShellScriptBuildPhase section */

/* Begin PBXSourcesBuildPhase section */
		D15A1DB51EC90017004DE60D /* Sources */ = {
			isa = PBXSourcesBuildPhase;
			buildActionMask = 2147483647;
			files = (
				D145BB252054F30500AC71D1 /* AppDelegate.swift in Sources */,
				D15A1DBF1EC90017004DE60D /* ViewController.swift in Sources */,
			);
			runOnlyForDeploymentPostprocessing = 0;
		};
/* End PBXSourcesBuildPhase section */

/* Begin XCBuildConfiguration section */
		D15A1DC61EC90017004DE60D /* Debug */ = {
			isa = XCBuildConfiguration;
			buildSettings = {
				ALWAYS_SEARCH_USER_PATHS = NO;
				CLANG_ANALYZER_NONNULL = YES;
				CLANG_ANALYZER_NUMBER_OBJECT_CONVERSION = YES_AGGRESSIVE;
				CLANG_CXX_LANGUAGE_STANDARD = "gnu++0x";
				CLANG_CXX_LIBRARY = "libc++";
				CLANG_ENABLE_MODULES = YES;
				CLANG_ENABLE_OBJC_ARC = YES;
				CLANG_WARN_BOOL_CONVERSION = YES;
				CLANG_WARN_CONSTANT_CONVERSION = YES;
				CLANG_WARN_DIRECT_OBJC_ISA_USAGE = YES_ERROR;
				CLANG_WARN_DOCUMENTATION_COMMENTS = YES;
				CLANG_WARN_EMPTY_BODY = YES;
				CLANG_WARN_ENUM_CONVERSION = YES;
				CLANG_WARN_INFINITE_RECURSION = YES;
				CLANG_WARN_INT_CONVERSION = YES;
				CLANG_WARN_OBJC_ROOT_CLASS = YES_ERROR;
				CLANG_WARN_SUSPICIOUS_MOVE = YES;
				CLANG_WARN_UNREACHABLE_CODE = YES;
				CLANG_WARN__DUPLICATE_METHOD_MATCH = YES;
				CODE_SIGN_IDENTITY = "-";
				COPY_PHASE_STRIP = NO;
				DEBUG_INFORMATION_FORMAT = dwarf;
				ENABLE_STRICT_OBJC_MSGSEND = YES;
				ENABLE_TESTABILITY = YES;
				GCC_C_LANGUAGE_STANDARD = gnu99;
				GCC_DYNAMIC_NO_PIC = NO;
				GCC_NO_COMMON_BLOCKS = YES;
				GCC_OPTIMIZATION_LEVEL = 0;
				GCC_PREPROCESSOR_DEFINITIONS = (
					"DEBUG=1",
					"$(inherited)",
				);
				GCC_WARN_64_TO_32_BIT_CONVERSION = YES;
				GCC_WARN_ABOUT_RETURN_TYPE = YES_ERROR;
				GCC_WARN_UNDECLARED_SELECTOR = YES;
				GCC_WARN_UNINITIALIZED_AUTOS = YES_AGGRESSIVE;
				GCC_WARN_UNUSED_FUNCTION = YES;
				GCC_WARN_UNUSED_VARIABLE = YES;
				MACOSX_DEPLOYMENT_TARGET = 10.12;
				MTL_ENABLE_DEBUG_INFO = YES;
				ONLY_ACTIVE_ARCH = YES;
				SDKROOT = macosx;
				SWIFT_ACTIVE_COMPILATION_CONDITIONS = DEBUG;
				SWIFT_OPTIMIZATION_LEVEL = "-Onone";
			};
			name = Debug;
		};
		D15A1DC71EC90017004DE60D /* Release */ = {
			isa = XCBuildConfiguration;
			buildSettings = {
				ALWAYS_SEARCH_USER_PATHS = NO;
				CLANG_ANALYZER_NONNULL = YES;
				CLANG_ANALYZER_NUMBER_OBJECT_CONVERSION = YES_AGGRESSIVE;
				CLANG_CXX_LANGUAGE_STANDARD = "gnu++0x";
				CLANG_CXX_LIBRARY = "libc++";
				CLANG_ENABLE_MODULES = YES;
				CLANG_ENABLE_OBJC_ARC = YES;
				CLANG_WARN_BOOL_CONVERSION = YES;
				CLANG_WARN_CONSTANT_CONVERSION = YES;
				CLANG_WARN_DIRECT_OBJC_ISA_USAGE = YES_ERROR;
				CLANG_WARN_DOCUMENTATION_COMMENTS = YES;
				CLANG_WARN_EMPTY_BODY = YES;
				CLANG_WARN_ENUM_CONVERSION = YES;
				CLANG_WARN_INFINITE_RECURSION = YES;
				CLANG_WARN_INT_CONVERSION = YES;
				CLANG_WARN_OBJC_ROOT_CLASS = YES_ERROR;
				CLANG_WARN_SUSPICIOUS_MOVE = YES;
				CLANG_WARN_UNREACHABLE_CODE = YES;
				CLANG_WARN__DUPLICATE_METHOD_MATCH = YES;
				CODE_SIGN_IDENTITY = "-";
				COPY_PHASE_STRIP = NO;
				DEBUG_INFORMATION_FORMAT = "dwarf-with-dsym";
				ENABLE_NS_ASSERTIONS = NO;
				ENABLE_STRICT_OBJC_MSGSEND = YES;
				GCC_C_LANGUAGE_STANDARD = gnu99;
				GCC_NO_COMMON_BLOCKS = YES;
				GCC_WARN_64_TO_32_BIT_CONVERSION = YES;
				GCC_WARN_ABOUT_RETURN_TYPE = YES_ERROR;
				GCC_WARN_UNDECLARED_SELECTOR = YES;
				GCC_WARN_UNINITIALIZED_AUTOS = YES_AGGRESSIVE;
				GCC_WARN_UNUSED_FUNCTION = YES;
				GCC_WARN_UNUSED_VARIABLE = YES;
				MACOSX_DEPLOYMENT_TARGET = 10.12;
				MTL_ENABLE_DEBUG_INFO = NO;
				SDKROOT = macosx;
				SWIFT_OPTIMIZATION_LEVEL = "-Owholemodule";
			};
			name = Release;
		};
		D15A1DC91EC90017004DE60D /* Debug */ = {
			isa = XCBuildConfiguration;
			baseConfigurationReference = BCA2BE2B5213F00CE895ACB6 /* Pods-PixelEditor.debug.xcconfig */;
			buildSettings = {
				ASSETCATALOG_COMPILER_APPICON_NAME = AppIcon;
				COMBINE_HIDPI_IMAGES = YES;
				INFOPLIST_FILE = PixelEditor/Info.plist;
				LD_RUNPATH_SEARCH_PATHS = "$(inherited) @executable_path/../Frameworks";
				PRODUCT_BUNDLE_IDENTIFIER = com.yellokrow.PixelEditor;
				PRODUCT_NAME = "$(TARGET_NAME)";
				SWIFT_VERSION = 4.0;
			};
			name = Debug;
		};
		D15A1DCA1EC90017004DE60D /* Release */ = {
			isa = XCBuildConfiguration;
			baseConfigurationReference = A8AC044C759C2AF397426599 /* Pods-PixelEditor.release.xcconfig */;
			buildSettings = {
				ASSETCATALOG_COMPILER_APPICON_NAME = AppIcon;
				COMBINE_HIDPI_IMAGES = YES;
				INFOPLIST_FILE = PixelEditor/Info.plist;
				LD_RUNPATH_SEARCH_PATHS = "$(inherited) @executable_path/../Frameworks";
				PRODUCT_BUNDLE_IDENTIFIER = com.yellokrow.PixelEditor;
				PRODUCT_NAME = "$(TARGET_NAME)";
				SWIFT_VERSION = 4.0;
			};
			name = Release;
		};
/* End XCBuildConfiguration section */

/* Begin XCConfigurationList section */
		D15A1DB41EC90017004DE60D /* Build configuration list for PBXProject "PixelEditor" */ = {
			isa = XCConfigurationList;
			buildConfigurations = (
				D15A1DC61EC90017004DE60D /* Debug */,
				D15A1DC71EC90017004DE60D /* Release */,
			);
			defaultConfigurationIsVisible = 0;
			defaultConfigurationName = Release;
		};
		D15A1DC81EC90017004DE60D /* Build configuration list for PBXNativeTarget "PixelEditor" */ = {
			isa = XCConfigurationList;
			buildConfigurations = (
				D15A1DC91EC90017004DE60D /* Debug */,
				D15A1DCA1EC90017004DE60D /* Release */,
			);
			defaultConfigurationIsVisible = 0;
			defaultConfigurationName = Release;
		};
/* End XCConfigurationList section */
	};
	rootObject = D15A1DB11EC90017004DE60D /* Project object */;
}
