// !$*UTF8*$!
{
	archiveVersion = 1;
	classes = {
	};
	objectVersion = 46;
	objects = {

/* Begin PBXBuildFile section */
		D11673591DCAAFC4009F52CB /* TileData.swift in Sources */ = {isa = PBXBuildFile; fileRef = D11673581DCAAFC4009F52CB /* TileData.swift */; };
		D1465ECD1DC45AFB003D1C43 /* PaletteSelector.swift in Sources */ = {isa = PBXBuildFile; fileRef = D1465ECC1DC45AFB003D1C43 /* PaletteSelector.swift */; };
		D1465ECF1DC46097003D1C43 /* PaletteButton.swift in Sources */ = {isa = PBXBuildFile; fileRef = D1465ECE1DC46097003D1C43 /* PaletteButton.swift */; };
		D167997A1DCE6733001D259A /* PaletteOptions.swift in Sources */ = {isa = PBXBuildFile; fileRef = D16799791DCE6733001D259A /* PaletteOptions.swift */; };
		D167997C1DCE6B6C001D259A /* TileDrawer.swift in Sources */ = {isa = PBXBuildFile; fileRef = D167997B1DCE6B6C001D259A /* TileDrawer.swift */; };
		D167CB491DC58D1D0035C7D9 /* FileViewer.swift in Sources */ = {isa = PBXBuildFile; fileRef = D167CB481DC58D1D0035C7D9 /* FileViewer.swift */; };
		D19C6FA31DC9709D00E2F459 /* FileLoader.swift in Sources */ = {isa = PBXBuildFile; fileRef = D19C6FA21DC9709D00E2F459 /* FileLoader.swift */; };
		D1A2E6EB1DC41EBE00529519 /* AppDelegate.swift in Sources */ = {isa = PBXBuildFile; fileRef = D1A2E6EA1DC41EBE00529519 /* AppDelegate.swift */; };
		D1A2E6ED1DC41EBE00529519 /* ViewController.swift in Sources */ = {isa = PBXBuildFile; fileRef = D1A2E6EC1DC41EBE00529519 /* ViewController.swift */; };
		D1A2E6EF1DC41EBE00529519 /* Assets.xcassets in Resources */ = {isa = PBXBuildFile; fileRef = D1A2E6EE1DC41EBE00529519 /* Assets.xcassets */; };
		D1A2E6F21DC41EBE00529519 /* Main.storyboard in Resources */ = {isa = PBXBuildFile; fileRef = D1A2E6F01DC41EBE00529519 /* Main.storyboard */; };
		D1A2E6FA1DC4208B00529519 /* TileEditor.swift in Sources */ = {isa = PBXBuildFile; fileRef = D1A2E6F91DC4208B00529519 /* TileEditor.swift */; };
		D1D0F3BD1DC68A6C00B2B999 /* DummyData.swift in Sources */ = {isa = PBXBuildFile; fileRef = D1D0F3BC1DC68A6C00B2B999 /* DummyData.swift */; };
/* End PBXBuildFile section */

/* Begin PBXFileReference section */
		D11673581DCAAFC4009F52CB /* TileData.swift */ = {isa = PBXFileReference; fileEncoding = 4; lastKnownFileType = sourcecode.swift; path = TileData.swift; sourceTree = "<group>"; };
		D1465ECC1DC45AFB003D1C43 /* PaletteSelector.swift */ = {isa = PBXFileReference; fileEncoding = 4; lastKnownFileType = sourcecode.swift; path = PaletteSelector.swift; sourceTree = "<group>"; };
		D1465ECE1DC46097003D1C43 /* PaletteButton.swift */ = {isa = PBXFileReference; fileEncoding = 4; lastKnownFileType = sourcecode.swift; path = PaletteButton.swift; sourceTree = "<group>"; };
		D16799791DCE6733001D259A /* PaletteOptions.swift */ = {isa = PBXFileReference; fileEncoding = 4; lastKnownFileType = sourcecode.swift; path = PaletteOptions.swift; sourceTree = "<group>"; };
		D167997B1DCE6B6C001D259A /* TileDrawer.swift */ = {isa = PBXFileReference; fileEncoding = 4; lastKnownFileType = sourcecode.swift; path = TileDrawer.swift; sourceTree = "<group>"; };
		D167CB481DC58D1D0035C7D9 /* FileViewer.swift */ = {isa = PBXFileReference; fileEncoding = 4; lastKnownFileType = sourcecode.swift; path = FileViewer.swift; sourceTree = "<group>"; };
		D19C6FA21DC9709D00E2F459 /* FileLoader.swift */ = {isa = PBXFileReference; fileEncoding = 4; lastKnownFileType = sourcecode.swift; path = FileLoader.swift; sourceTree = "<group>"; };
		D1A2E6E71DC41EBE00529519 /* TileEditor.app */ = {isa = PBXFileReference; explicitFileType = wrapper.application; includeInIndex = 0; path = TileEditor.app; sourceTree = BUILT_PRODUCTS_DIR; };
		D1A2E6EA1DC41EBE00529519 /* AppDelegate.swift */ = {isa = PBXFileReference; lastKnownFileType = sourcecode.swift; path = AppDelegate.swift; sourceTree = "<group>"; };
		D1A2E6EC1DC41EBE00529519 /* ViewController.swift */ = {isa = PBXFileReference; lastKnownFileType = sourcecode.swift; path = ViewController.swift; sourceTree = "<group>"; };
		D1A2E6EE1DC41EBE00529519 /* Assets.xcassets */ = {isa = PBXFileReference; lastKnownFileType = folder.assetcatalog; path = Assets.xcassets; sourceTree = "<group>"; };
		D1A2E6F11DC41EBE00529519 /* Base */ = {isa = PBXFileReference; lastKnownFileType = file.storyboard; name = Base; path = Base.lproj/Main.storyboard; sourceTree = "<group>"; };
		D1A2E6F31DC41EBE00529519 /* Info.plist */ = {isa = PBXFileReference; lastKnownFileType = text.plist.xml; path = Info.plist; sourceTree = "<group>"; };
		D1A2E6F91DC4208B00529519 /* TileEditor.swift */ = {isa = PBXFileReference; fileEncoding = 4; lastKnownFileType = sourcecode.swift; path = TileEditor.swift; sourceTree = "<group>"; };
		D1D0F3BC1DC68A6C00B2B999 /* DummyData.swift */ = {isa = PBXFileReference; fileEncoding = 4; lastKnownFileType = sourcecode.swift; path = DummyData.swift; sourceTree = "<group>"; };
/* End PBXFileReference section */

/* Begin PBXFrameworksBuildPhase section */
		D1A2E6E41DC41EBD00529519 /* Frameworks */ = {
			isa = PBXFrameworksBuildPhase;
			buildActionMask = 2147483647;
			files = (
			);
			runOnlyForDeploymentPostprocessing = 0;
		};
/* End PBXFrameworksBuildPhase section */

/* Begin PBXGroup section */
		D19C6FA41DC9725700E2F459 /* Views */ = {
			isa = PBXGroup;
			children = (
				D1465ECE1DC46097003D1C43 /* PaletteButton.swift */,
				D1465ECC1DC45AFB003D1C43 /* PaletteSelector.swift */,
				D167CB481DC58D1D0035C7D9 /* FileViewer.swift */,
				D1A2E6F91DC4208B00529519 /* TileEditor.swift */,
				D16799791DCE6733001D259A /* PaletteOptions.swift */,
				D167997B1DCE6B6C001D259A /* TileDrawer.swift */,
			);
			name = Views;
			sourceTree = "<group>";
		};
		D1A2E6DE1DC41EBD00529519 = {
			isa = PBXGroup;
			children = (
				D1A2E6E91DC41EBE00529519 /* TileEditor */,
				D1A2E6E81DC41EBE00529519 /* Products */,
			);
			sourceTree = "<group>";
		};
		D1A2E6E81DC41EBE00529519 /* Products */ = {
			isa = PBXGroup;
			children = (
				D1A2E6E71DC41EBE00529519 /* TileEditor.app */,
			);
			name = Products;
			sourceTree = "<group>";
		};
		D1A2E6E91DC41EBE00529519 /* TileEditor */ = {
			isa = PBXGroup;
			children = (
				D19C6FA41DC9725700E2F459 /* Views */,
				D19C6FA21DC9709D00E2F459 /* FileLoader.swift */,
				D1A2E6EA1DC41EBE00529519 /* AppDelegate.swift */,
				D1A2E6EC1DC41EBE00529519 /* ViewController.swift */,
				D1A2E6EE1DC41EBE00529519 /* Assets.xcassets */,
				D1A2E6F01DC41EBE00529519 /* Main.storyboard */,
				D1A2E6F31DC41EBE00529519 /* Info.plist */,
				D1D0F3BC1DC68A6C00B2B999 /* DummyData.swift */,
				D11673581DCAAFC4009F52CB /* TileData.swift */,
			);
			path = TileEditor;
			sourceTree = "<group>";
		};
/* End PBXGroup section */

/* Begin PBXNativeTarget section */
		D1A2E6E61DC41EBD00529519 /* TileEditor */ = {
			isa = PBXNativeTarget;
			buildConfigurationList = D1A2E6F61DC41EBE00529519 /* Build configuration list for PBXNativeTarget "TileEditor" */;
			buildPhases = (
				D1A2E6E31DC41EBD00529519 /* Sources */,
				D1A2E6E41DC41EBD00529519 /* Frameworks */,
				D1A2E6E51DC41EBD00529519 /* Resources */,
			);
			buildRules = (
			);
			dependencies = (
			);
			name = TileEditor;
			productName = TileEditor;
			productReference = D1A2E6E71DC41EBE00529519 /* TileEditor.app */;
			productType = "com.apple.product-type.application";
		};
/* End PBXNativeTarget section */

/* Begin PBXProject section */
		D1A2E6DF1DC41EBD00529519 /* Project object */ = {
			isa = PBXProject;
			attributes = {
				LastSwiftUpdateCheck = 0800;
				LastUpgradeCheck = 0800;
				ORGANIZATIONNAME = yellokrow;
				TargetAttributes = {
					D1A2E6E61DC41EBD00529519 = {
						CreatedOnToolsVersion = 8.0;
						ProvisioningStyle = Automatic;
					};
				};
			};
			buildConfigurationList = D1A2E6E21DC41EBD00529519 /* Build configuration list for PBXProject "TileEditor" */;
			compatibilityVersion = "Xcode 3.2";
			developmentRegion = English;
			hasScannedForEncodings = 0;
			knownRegions = (
				en,
				Base,
			);
			mainGroup = D1A2E6DE1DC41EBD00529519;
			productRefGroup = D1A2E6E81DC41EBE00529519 /* Products */;
			projectDirPath = "";
			projectRoot = "";
			targets = (
				D1A2E6E61DC41EBD00529519 /* TileEditor */,
			);
		};
/* End PBXProject section */

/* Begin PBXResourcesBuildPhase section */
		D1A2E6E51DC41EBD00529519 /* Resources */ = {
			isa = PBXResourcesBuildPhase;
			buildActionMask = 2147483647;
			files = (
				D1A2E6EF1DC41EBE00529519 /* Assets.xcassets in Resources */,
				D1A2E6F21DC41EBE00529519 /* Main.storyboard in Resources */,
			);
			runOnlyForDeploymentPostprocessing = 0;
		};
/* End PBXResourcesBuildPhase section */

/* Begin PBXSourcesBuildPhase section */
		D1A2E6E31DC41EBD00529519 /* Sources */ = {
			isa = PBXSourcesBuildPhase;
			buildActionMask = 2147483647;
			files = (
				D1465ECD1DC45AFB003D1C43 /* PaletteSelector.swift in Sources */,
				D167997C1DCE6B6C001D259A /* TileDrawer.swift in Sources */,
				D1465ECF1DC46097003D1C43 /* PaletteButton.swift in Sources */,
				D19C6FA31DC9709D00E2F459 /* FileLoader.swift in Sources */,
				D1A2E6ED1DC41EBE00529519 /* ViewController.swift in Sources */,
				D1D0F3BD1DC68A6C00B2B999 /* DummyData.swift in Sources */,
				D1A2E6FA1DC4208B00529519 /* TileEditor.swift in Sources */,
				D1A2E6EB1DC41EBE00529519 /* AppDelegate.swift in Sources */,
				D11673591DCAAFC4009F52CB /* TileData.swift in Sources */,
				D167997A1DCE6733001D259A /* PaletteOptions.swift in Sources */,
				D167CB491DC58D1D0035C7D9 /* FileViewer.swift in Sources */,
			);
			runOnlyForDeploymentPostprocessing = 0;
		};
/* End PBXSourcesBuildPhase section */

/* Begin PBXVariantGroup section */
		D1A2E6F01DC41EBE00529519 /* Main.storyboard */ = {
			isa = PBXVariantGroup;
			children = (
				D1A2E6F11DC41EBE00529519 /* Base */,
			);
			name = Main.storyboard;
			sourceTree = "<group>";
		};
/* End PBXVariantGroup section */

/* Begin XCBuildConfiguration section */
		D1A2E6F41DC41EBE00529519 /* Debug */ = {
			isa = XCBuildConfiguration;
			buildSettings = {
				ALWAYS_SEARCH_USER_PATHS = NO;
				CLANG_ANALYZER_NONNULL = YES;
				CLANG_CXX_LANGUAGE_STANDARD = "gnu++0x";
				CLANG_CXX_LIBRARY = "libc++";
				CLANG_ENABLE_MODULES = YES;
				CLANG_ENABLE_OBJC_ARC = YES;
				CLANG_WARN_BOOL_CONVERSION = YES;
				CLANG_WARN_CONSTANT_CONVERSION = YES;
				CLANG_WARN_DIRECT_OBJC_ISA_USAGE = YES_ERROR;
				CLANG_WARN_DOCUMENTATION_COMMENTS = YES;
				CLANG_WARN_EMPTY_BODY = YES;
				CLANG_WARN_ENUM_CONVERSION = YES;
				CLANG_WARN_INFINITE_RECURSION = YES;
				CLANG_WARN_INT_CONVERSION = YES;
				CLANG_WARN_OBJC_ROOT_CLASS = YES_ERROR;
				CLANG_WARN_SUSPICIOUS_MOVES = YES;
				CLANG_WARN_UNREACHABLE_CODE = YES;
				CLANG_WARN__DUPLICATE_METHOD_MATCH = YES;
				CODE_SIGN_IDENTITY = "-";
				COPY_PHASE_STRIP = NO;
				DEBUG_INFORMATION_FORMAT = dwarf;
				ENABLE_STRICT_OBJC_MSGSEND = YES;
				ENABLE_TESTABILITY = YES;
				GCC_C_LANGUAGE_STANDARD = gnu99;
				GCC_DYNAMIC_NO_PIC = NO;
				GCC_NO_COMMON_BLOCKS = YES;
				GCC_OPTIMIZATION_LEVEL = 0;
				GCC_PREPROCESSOR_DEFINITIONS = (
					"DEBUG=1",
					"$(inherited)",
				);
				GCC_WARN_64_TO_32_BIT_CONVERSION = YES;
				GCC_WARN_ABOUT_RETURN_TYPE = YES_ERROR;
				GCC_WARN_UNDECLARED_SELECTOR = YES;
				GCC_WARN_UNINITIALIZED_AUTOS = YES_AGGRESSIVE;
				GCC_WARN_UNUSED_FUNCTION = YES;
				GCC_WARN_UNUSED_VARIABLE = YES;
				MACOSX_DEPLOYMENT_TARGET = 10.12;
				MTL_ENABLE_DEBUG_INFO = YES;
				ONLY_ACTIVE_ARCH = YES;
				SDKROOT = macosx;
				SWIFT_ACTIVE_COMPILATION_CONDITIONS = DEBUG;
				SWIFT_OPTIMIZATION_LEVEL = "-Onone";
			};
			name = Debug;
		};
		D1A2E6F51DC41EBE00529519 /* Release */ = {
			isa = XCBuildConfiguration;
			buildSettings = {
				ALWAYS_SEARCH_USER_PATHS = NO;
				CLANG_ANALYZER_NONNULL = YES;
				CLANG_CXX_LANGUAGE_STANDARD = "gnu++0x";
				CLANG_CXX_LIBRARY = "libc++";
				CLANG_ENABLE_MODULES = YES;
				CLANG_ENABLE_OBJC_ARC = YES;
				CLANG_WARN_BOOL_CONVERSION = YES;
				CLANG_WARN_CONSTANT_CONVERSION = YES;
				CLANG_WARN_DIRECT_OBJC_ISA_USAGE = YES_ERROR;
				CLANG_WARN_DOCUMENTATION_COMMENTS = YES;
				CLANG_WARN_EMPTY_BODY = YES;
				CLANG_WARN_ENUM_CONVERSION = YES;
				CLANG_WARN_INFINITE_RECURSION = YES;
				CLANG_WARN_INT_CONVERSION = YES;
				CLANG_WARN_OBJC_ROOT_CLASS = YES_ERROR;
				CLANG_WARN_SUSPICIOUS_MOVES = YES;
				CLANG_WARN_UNREACHABLE_CODE = YES;
				CLANG_WARN__DUPLICATE_METHOD_MATCH = YES;
				CODE_SIGN_IDENTITY = "-";
				COPY_PHASE_STRIP = NO;
				DEBUG_INFORMATION_FORMAT = "dwarf-with-dsym";
				ENABLE_NS_ASSERTIONS = NO;
				ENABLE_STRICT_OBJC_MSGSEND = YES;
				GCC_C_LANGUAGE_STANDARD = gnu99;
				GCC_NO_COMMON_BLOCKS = YES;
				GCC_WARN_64_TO_32_BIT_CONVERSION = YES;
				GCC_WARN_ABOUT_RETURN_TYPE = YES_ERROR;
				GCC_WARN_UNDECLARED_SELECTOR = YES;
				GCC_WARN_UNINITIALIZED_AUTOS = YES_AGGRESSIVE;
				GCC_WARN_UNUSED_FUNCTION = YES;
				GCC_WARN_UNUSED_VARIABLE = YES;
				MACOSX_DEPLOYMENT_TARGET = 10.12;
				MTL_ENABLE_DEBUG_INFO = NO;
				SDKROOT = macosx;
				SWIFT_OPTIMIZATION_LEVEL = "-Owholemodule";
			};
			name = Release;
		};
		D1A2E6F71DC41EBE00529519 /* Debug */ = {
			isa = XCBuildConfiguration;
			buildSettings = {
				ASSETCATALOG_COMPILER_APPICON_NAME = AppIcon;
				COMBINE_HIDPI_IMAGES = YES;
				INFOPLIST_FILE = TileEditor/Info.plist;
				LD_RUNPATH_SEARCH_PATHS = "$(inherited) @executable_path/../Frameworks";
				PRODUCT_BUNDLE_IDENTIFIER = com.TileEditor;
				PRODUCT_NAME = "$(TARGET_NAME)";
				SWIFT_VERSION = 3.0;
			};
			name = Debug;
		};
		D1A2E6F81DC41EBE00529519 /* Release */ = {
			isa = XCBuildConfiguration;
			buildSettings = {
				ASSETCATALOG_COMPILER_APPICON_NAME = AppIcon;
				COMBINE_HIDPI_IMAGES = YES;
				INFOPLIST_FILE = TileEditor/Info.plist;
				LD_RUNPATH_SEARCH_PATHS = "$(inherited) @executable_path/../Frameworks";
				PRODUCT_BUNDLE_IDENTIFIER = com.TileEditor;
				PRODUCT_NAME = "$(TARGET_NAME)";
				SWIFT_VERSION = 3.0;
			};
			name = Release;
		};
/* End XCBuildConfiguration section */

/* Begin XCConfigurationList section */
		D1A2E6E21DC41EBD00529519 /* Build configuration list for PBXProject "TileEditor" */ = {
			isa = XCConfigurationList;
			buildConfigurations = (
				D1A2E6F41DC41EBE00529519 /* Debug */,
				D1A2E6F51DC41EBE00529519 /* Release */,
			);
			defaultConfigurationIsVisible = 0;
			defaultConfigurationName = Release;
		};
		D1A2E6F61DC41EBE00529519 /* Build configuration list for PBXNativeTarget "TileEditor" */ = {
			isa = XCConfigurationList;
			buildConfigurations = (
				D1A2E6F71DC41EBE00529519 /* Debug */,
				D1A2E6F81DC41EBE00529519 /* Release */,
			);
			defaultConfigurationIsVisible = 0;
			defaultConfigurationName = Release;
		};
/* End XCConfigurationList section */
	};
	rootObject = D1A2E6DF1DC41EBD00529519 /* Project object */;
}
