// !$*UTF8*$!
{
	archiveVersion = 1;
	classes = {
	};
	objectVersion = 46;
	objects = {

/* Begin PBXBuildFile section */
		D100BF5D1E7B815400CB022B /* ROMMenu.swift in Sources */ = {isa = PBXBuildFile; fileRef = D100BF5C1E7B815400CB022B /* ROMMenu.swift */; };
		D100BF5F1E80972900CB022B /* TileEditorDocument.swift in Sources */ = {isa = PBXBuildFile; fileRef = D100BF5E1E80972900CB022B /* TileEditorDocument.swift */; };
		D10625501E25DC4B001CF9D8 /* Selectors.swift in Sources */ = {isa = PBXBuildFile; fileRef = D106254F1E25DC4B001CF9D8 /* Selectors.swift */; };
		D11673591DCAAFC4009F52CB /* TileData.swift in Sources */ = {isa = PBXBuildFile; fileRef = D11673581DCAAFC4009F52CB /* TileData.swift */; };
		D14E1D2D1E88B09900FE9F6A /* NESPalette.swift in Sources */ = {isa = PBXBuildFile; fileRef = D14E1D2C1E88B09900FE9F6A /* NESPalette.swift */; };
		D15751011DE21DAD001394F7 /* TileCollection.swift in Sources */ = {isa = PBXBuildFile; fileRef = D15751001DE21DAD001394F7 /* TileCollection.swift */; };
		D15751031DE220F6001394F7 /* TileItem.xib in Resources */ = {isa = PBXBuildFile; fileRef = D15751021DE220F6001394F7 /* TileItem.xib */; };
		D167997C1DCE6B6C001D259A /* TileDrawer.swift in Sources */ = {isa = PBXBuildFile; fileRef = D167997B1DCE6B6C001D259A /* TileDrawer.swift */; };
		D16913041E6E43F900510216 /* BoxSelectorProtocols.swift in Sources */ = {isa = PBXBuildFile; fileRef = D16913031E6E43F900510216 /* BoxSelectorProtocols.swift */; };
		D16D92091E848B56003DBEDF /* TileEditorSettings.swift in Sources */ = {isa = PBXBuildFile; fileRef = D16D92081E848B56003DBEDF /* TileEditorSettings.swift */; };
		D16D92111E849C2E003DBEDF /* TileEditorLogo_32.png in Resources */ = {isa = PBXBuildFile; fileRef = D16D920D1E849C2E003DBEDF /* TileEditorLogo_32.png */; };
		D16D92121E849C2E003DBEDF /* TileEditorLogo_64.png in Resources */ = {isa = PBXBuildFile; fileRef = D16D920E1E849C2E003DBEDF /* TileEditorLogo_64.png */; };
		D16D92131E849C2E003DBEDF /* TileEditorLogo_128.png in Resources */ = {isa = PBXBuildFile; fileRef = D16D920F1E849C2E003DBEDF /* TileEditorLogo_128.png */; };
		D16D92141E849C2E003DBEDF /* TileEditorLogo_256.png in Resources */ = {isa = PBXBuildFile; fileRef = D16D92101E849C2E003DBEDF /* TileEditorLogo_256.png */; };
		D16D92161E849C92003DBEDF /* TileEditorLogo_16.png in Resources */ = {isa = PBXBuildFile; fileRef = D16D92151E849C92003DBEDF /* TileEditorLogo_16.png */; };
		D16D92181E849FA3003DBEDF /* TileEditorLogo_512.png in Resources */ = {isa = PBXBuildFile; fileRef = D16D92171E849FA3003DBEDF /* TileEditorLogo_512.png */; };
		D1A2E6EB1DC41EBE00529519 /* AppDelegate.swift in Sources */ = {isa = PBXBuildFile; fileRef = D1A2E6EA1DC41EBE00529519 /* AppDelegate.swift */; };
		D1A2E6ED1DC41EBE00529519 /* EditorViewController.swift in Sources */ = {isa = PBXBuildFile; fileRef = D1A2E6EC1DC41EBE00529519 /* EditorViewController.swift */; };
		D1A2E6EF1DC41EBE00529519 /* Assets.xcassets in Resources */ = {isa = PBXBuildFile; fileRef = D1A2E6EE1DC41EBE00529519 /* Assets.xcassets */; };
		D1A2E6F21DC41EBE00529519 /* Main.storyboard in Resources */ = {isa = PBXBuildFile; fileRef = D1A2E6F01DC41EBE00529519 /* Main.storyboard */; };
		D1A2E6FA1DC4208B00529519 /* TileEditor.swift in Sources */ = {isa = PBXBuildFile; fileRef = D1A2E6F91DC4208B00529519 /* TileEditor.swift */; };
		D1AC8EDC1E8DC81200904DB1 /* Factory.swift in Sources */ = {isa = PBXBuildFile; fileRef = D1AC8EDB1E8DC81200904DB1 /* Factory.swift */; };
		D1AC8EDF1E8F0E5400904DB1 /* String+Hex.swift in Sources */ = {isa = PBXBuildFile; fileRef = D1AC8EDE1E8F0E5400904DB1 /* String+Hex.swift */; };
		D1BE7D171E80C49300A56600 /* WindowController.swift in Sources */ = {isa = PBXBuildFile; fileRef = D1BE7D161E80C49300A56600 /* WindowController.swift */; };
		D1ED7EB91E8815CF00DE2BFF /* FileHandler.swift in Sources */ = {isa = PBXBuildFile; fileRef = D1ED7EB81E8815CF00DE2BFF /* FileHandler.swift */; };
		D1ED7EBB1E8816AA00DE2BFF /* FileImportersAndExporters.swift in Sources */ = {isa = PBXBuildFile; fileRef = D1ED7EBA1E8816AA00DE2BFF /* FileImportersAndExporters.swift */; };
/* End PBXBuildFile section */

/* Begin PBXFileReference section */
		D100BF5C1E7B815400CB022B /* ROMMenu.swift */ = {isa = PBXFileReference; fileEncoding = 4; lastKnownFileType = sourcecode.swift; path = ROMMenu.swift; sourceTree = "<group>"; };
		D100BF5E1E80972900CB022B /* TileEditorDocument.swift */ = {isa = PBXFileReference; fileEncoding = 4; lastKnownFileType = sourcecode.swift; path = TileEditorDocument.swift; sourceTree = "<group>"; };
		D106254F1E25DC4B001CF9D8 /* Selectors.swift */ = {isa = PBXFileReference; fileEncoding = 4; lastKnownFileType = sourcecode.swift; path = Selectors.swift; sourceTree = "<group>"; };
		D11673581DCAAFC4009F52CB /* TileData.swift */ = {isa = PBXFileReference; fileEncoding = 4; lastKnownFileType = sourcecode.swift; path = TileData.swift; sourceTree = "<group>"; };
		D14E1D2C1E88B09900FE9F6A /* NESPalette.swift */ = {isa = PBXFileReference; fileEncoding = 4; lastKnownFileType = sourcecode.swift; path = NESPalette.swift; sourceTree = "<group>"; };
		D15751001DE21DAD001394F7 /* TileCollection.swift */ = {isa = PBXFileReference; fileEncoding = 4; lastKnownFileType = sourcecode.swift; path = TileCollection.swift; sourceTree = "<group>"; };
		D15751021DE220F6001394F7 /* TileItem.xib */ = {isa = PBXFileReference; fileEncoding = 4; lastKnownFileType = file.xib; path = TileItem.xib; sourceTree = "<group>"; };
		D167997B1DCE6B6C001D259A /* TileDrawer.swift */ = {isa = PBXFileReference; fileEncoding = 4; lastKnownFileType = sourcecode.swift; path = TileDrawer.swift; sourceTree = "<group>"; };
		D16913031E6E43F900510216 /* BoxSelectorProtocols.swift */ = {isa = PBXFileReference; fileEncoding = 4; lastKnownFileType = sourcecode.swift; path = BoxSelectorProtocols.swift; sourceTree = "<group>"; };
		D16D92081E848B56003DBEDF /* TileEditorSettings.swift */ = {isa = PBXFileReference; fileEncoding = 4; lastKnownFileType = sourcecode.swift; path = TileEditorSettings.swift; sourceTree = "<group>"; };
		D16D920D1E849C2E003DBEDF /* TileEditorLogo_32.png */ = {isa = PBXFileReference; lastKnownFileType = image.png; name = TileEditorLogo_32.png; path = Images/TileEditorLogo_32.png; sourceTree = SOURCE_ROOT; };
		D16D920E1E849C2E003DBEDF /* TileEditorLogo_64.png */ = {isa = PBXFileReference; lastKnownFileType = image.png; name = TileEditorLogo_64.png; path = Images/TileEditorLogo_64.png; sourceTree = SOURCE_ROOT; };
		D16D920F1E849C2E003DBEDF /* TileEditorLogo_128.png */ = {isa = PBXFileReference; lastKnownFileType = image.png; name = TileEditorLogo_128.png; path = Images/TileEditorLogo_128.png; sourceTree = SOURCE_ROOT; };
		D16D92101E849C2E003DBEDF /* TileEditorLogo_256.png */ = {isa = PBXFileReference; lastKnownFileType = image.png; name = TileEditorLogo_256.png; path = Images/TileEditorLogo_256.png; sourceTree = SOURCE_ROOT; };
		D16D92151E849C92003DBEDF /* TileEditorLogo_16.png */ = {isa = PBXFileReference; lastKnownFileType = image.png; name = TileEditorLogo_16.png; path = Images/TileEditorLogo_16.png; sourceTree = SOURCE_ROOT; };
		D16D92171E849FA3003DBEDF /* TileEditorLogo_512.png */ = {isa = PBXFileReference; lastKnownFileType = image.png; name = TileEditorLogo_512.png; path = Images/TileEditorLogo_512.png; sourceTree = SOURCE_ROOT; };
		D1A2E6E71DC41EBE00529519 /* TileEditor.app */ = {isa = PBXFileReference; explicitFileType = wrapper.application; includeInIndex = 0; path = TileEditor.app; sourceTree = BUILT_PRODUCTS_DIR; };
		D1A2E6EA1DC41EBE00529519 /* AppDelegate.swift */ = {isa = PBXFileReference; lastKnownFileType = sourcecode.swift; path = AppDelegate.swift; sourceTree = "<group>"; };
		D1A2E6EC1DC41EBE00529519 /* EditorViewController.swift */ = {isa = PBXFileReference; lastKnownFileType = sourcecode.swift; path = EditorViewController.swift; sourceTree = "<group>"; };
		D1A2E6EE1DC41EBE00529519 /* Assets.xcassets */ = {isa = PBXFileReference; lastKnownFileType = folder.assetcatalog; path = Assets.xcassets; sourceTree = "<group>"; };
		D1A2E6F11DC41EBE00529519 /* Base */ = {isa = PBXFileReference; lastKnownFileType = file.storyboard; name = Base; path = Base.lproj/Main.storyboard; sourceTree = "<group>"; };
		D1A2E6F31DC41EBE00529519 /* Info.plist */ = {isa = PBXFileReference; lastKnownFileType = text.plist.xml; path = Info.plist; sourceTree = "<group>"; };
		D1A2E6F91DC4208B00529519 /* TileEditor.swift */ = {isa = PBXFileReference; fileEncoding = 4; lastKnownFileType = sourcecode.swift; path = TileEditor.swift; sourceTree = "<group>"; };
		D1AC8EDB1E8DC81200904DB1 /* Factory.swift */ = {isa = PBXFileReference; fileEncoding = 4; lastKnownFileType = sourcecode.swift; path = Factory.swift; sourceTree = "<group>"; };
		D1AC8EDE1E8F0E5400904DB1 /* String+Hex.swift */ = {isa = PBXFileReference; fileEncoding = 4; lastKnownFileType = sourcecode.swift; path = "String+Hex.swift"; sourceTree = "<group>"; };
		D1BE7D161E80C49300A56600 /* WindowController.swift */ = {isa = PBXFileReference; fileEncoding = 4; lastKnownFileType = sourcecode.swift; path = WindowController.swift; sourceTree = "<group>"; };
		D1ED7EB81E8815CF00DE2BFF /* FileHandler.swift */ = {isa = PBXFileReference; fileEncoding = 4; lastKnownFileType = sourcecode.swift; path = FileHandler.swift; sourceTree = "<group>"; };
		D1ED7EBA1E8816AA00DE2BFF /* FileImportersAndExporters.swift */ = {isa = PBXFileReference; fileEncoding = 4; lastKnownFileType = sourcecode.swift; path = FileImportersAndExporters.swift; sourceTree = "<group>"; };
/* End PBXFileReference section */

/* Begin PBXFrameworksBuildPhase section */
		D1A2E6E41DC41EBD00529519 /* Frameworks */ = {
			isa = PBXFrameworksBuildPhase;
			buildActionMask = 2147483647;
			files = (
			);
			runOnlyForDeploymentPostprocessing = 0;
		};
/* End PBXFrameworksBuildPhase section */

/* Begin PBXGroup section */
		D14E1D2B1E88B08800FE9F6A /* NES */ = {
			isa = PBXGroup;
			children = (
				D14E1D2C1E88B09900FE9F6A /* NESPalette.swift */,
			);
			name = NES;
			sourceTree = "<group>";
		};
		D159C2221E6CE344000791F9 /* Editor */ = {
			isa = PBXGroup;
			children = (
				D1A2E6F91DC4208B00529519 /* TileEditor.swift */,
				D167997B1DCE6B6C001D259A /* TileDrawer.swift */,
			);
			name = Editor;
			sourceTree = "<group>";
		};
		D159C2231E6CE355000791F9 /* FileViewer */ = {
			isa = PBXGroup;
			children = (
				D15751021DE220F6001394F7 /* TileItem.xib */,
				D15751001DE21DAD001394F7 /* TileCollection.swift */,
			);
			name = FileViewer;
			sourceTree = "<group>";
		};
		D159C2241E6CE363000791F9 /* PaletteSelectors */ = {
			isa = PBXGroup;
			children = (
				D106254F1E25DC4B001CF9D8 /* Selectors.swift */,
				D16913031E6E43F900510216 /* BoxSelectorProtocols.swift */,
			);
			name = PaletteSelectors;
			sourceTree = "<group>";
		};
		D159C2251E6CE419000791F9 /* FileProcessing */ = {
			isa = PBXGroup;
			children = (
				D11673581DCAAFC4009F52CB /* TileData.swift */,
				D100BF5E1E80972900CB022B /* TileEditorDocument.swift */,
				D16D92081E848B56003DBEDF /* TileEditorSettings.swift */,
				D1ED7EB81E8815CF00DE2BFF /* FileHandler.swift */,
				D1ED7EBA1E8816AA00DE2BFF /* FileImportersAndExporters.swift */,
				D1AC8EDB1E8DC81200904DB1 /* Factory.swift */,
			);
			name = FileProcessing;
			sourceTree = "<group>";
		};
		D16D920A1E849A7C003DBEDF /* Images */ = {
			isa = PBXGroup;
			children = (
				D16D92151E849C92003DBEDF /* TileEditorLogo_16.png */,
				D16D920D1E849C2E003DBEDF /* TileEditorLogo_32.png */,
				D16D920E1E849C2E003DBEDF /* TileEditorLogo_64.png */,
				D16D920F1E849C2E003DBEDF /* TileEditorLogo_128.png */,
				D16D92101E849C2E003DBEDF /* TileEditorLogo_256.png */,
				D16D92171E849FA3003DBEDF /* TileEditorLogo_512.png */,
			);
			name = Images;
			sourceTree = "<group>";
		};
		D19C6FA41DC9725700E2F459 /* Views */ = {
			isa = PBXGroup;
			children = (
				D159C2241E6CE363000791F9 /* PaletteSelectors */,
				D159C2231E6CE355000791F9 /* FileViewer */,
				D159C2221E6CE344000791F9 /* Editor */,
			);
			name = Views;
			sourceTree = "<group>";
		};
		D1A2E6DE1DC41EBD00529519 = {
			isa = PBXGroup;
			children = (
				D1A2E6E91DC41EBE00529519 /* TileEditor */,
				D1A2E6E81DC41EBE00529519 /* Products */,
			);
			sourceTree = "<group>";
		};
		D1A2E6E81DC41EBE00529519 /* Products */ = {
			isa = PBXGroup;
			children = (
				D1A2E6E71DC41EBE00529519 /* TileEditor.app */,
			);
			name = Products;
			sourceTree = "<group>";
		};
		D1A2E6E91DC41EBE00529519 /* TileEditor */ = {
			isa = PBXGroup;
			children = (
				D1AC8EDD1E8F0E3200904DB1 /* Extensions */,
				D14E1D2B1E88B08800FE9F6A /* NES */,
				D1ED7EB51E880D9100DE2BFF /* Menu */,
				D16D920A1E849A7C003DBEDF /* Images */,
				D159C2251E6CE419000791F9 /* FileProcessing */,
				D19C6FA41DC9725700E2F459 /* Views */,
				D1A2E6EA1DC41EBE00529519 /* AppDelegate.swift */,
				D1A2E6EC1DC41EBE00529519 /* EditorViewController.swift */,
				D1A2E6EE1DC41EBE00529519 /* Assets.xcassets */,
				D1A2E6F01DC41EBE00529519 /* Main.storyboard */,
				D1A2E6F31DC41EBE00529519 /* Info.plist */,
				D1BE7D161E80C49300A56600 /* WindowController.swift */,
			);
			path = TileEditor;
			sourceTree = "<group>";
		};
		D1AC8EDD1E8F0E3200904DB1 /* Extensions */ = {
			isa = PBXGroup;
			children = (
				D1AC8EDE1E8F0E5400904DB1 /* String+Hex.swift */,
			);
			name = Extensions;
			sourceTree = "<group>";
		};
		D1ED7EB51E880D9100DE2BFF /* Menu */ = {
			isa = PBXGroup;
			children = (
				D100BF5C1E7B815400CB022B /* ROMMenu.swift */,
			);
			name = Menu;
			sourceTree = "<group>";
		};
/* End PBXGroup section */

/* Begin PBXNativeTarget section */
		D1A2E6E61DC41EBD00529519 /* TileEditor */ = {
			isa = PBXNativeTarget;
			buildConfigurationList = D1A2E6F61DC41EBE00529519 /* Build configuration list for PBXNativeTarget "TileEditor" */;
			buildPhases = (
				D1A2E6E31DC41EBD00529519 /* Sources */,
				D1A2E6E41DC41EBD00529519 /* Frameworks */,
				D1A2E6E51DC41EBD00529519 /* Resources */,
			);
			buildRules = (
			);
			dependencies = (
			);
			name = TileEditor;
			productName = TileEditor;
			productReference = D1A2E6E71DC41EBE00529519 /* TileEditor.app */;
			productType = "com.apple.product-type.application";
		};
/* End PBXNativeTarget section */

/* Begin PBXProject section */
		D1A2E6DF1DC41EBD00529519 /* Project object */ = {
			isa = PBXProject;
			attributes = {
				LastSwiftUpdateCheck = 0800;
				LastUpgradeCheck = 0820;
				ORGANIZATIONNAME = yellokrow;
				TargetAttributes = {
					D1A2E6E61DC41EBD00529519 = {
						CreatedOnToolsVersion = 8.0;
						ProvisioningStyle = Automatic;
					};
				};
			};
			buildConfigurationList = D1A2E6E21DC41EBD00529519 /* Build configuration list for PBXProject "TileEditor" */;
			compatibilityVersion = "Xcode 3.2";
			developmentRegion = English;
			hasScannedForEncodings = 0;
			knownRegions = (
				en,
				Base,
			);
			mainGroup = D1A2E6DE1DC41EBD00529519;
			productRefGroup = D1A2E6E81DC41EBE00529519 /* Products */;
			projectDirPath = "";
			projectRoot = "";
			targets = (
				D1A2E6E61DC41EBD00529519 /* TileEditor */,
			);
		};
/* End PBXProject section */

/* Begin PBXResourcesBuildPhase section */
		D1A2E6E51DC41EBD00529519 /* Resources */ = {
			isa = PBXResourcesBuildPhase;
			buildActionMask = 2147483647;
			files = (
				D16D92181E849FA3003DBEDF /* TileEditorLogo_512.png in Resources */,
				D16D92111E849C2E003DBEDF /* TileEditorLogo_32.png in Resources */,
				D16D92161E849C92003DBEDF /* TileEditorLogo_16.png in Resources */,
				D16D92121E849C2E003DBEDF /* TileEditorLogo_64.png in Resources */,
				D1A2E6EF1DC41EBE00529519 /* Assets.xcassets in Resources */,
				D16D92141E849C2E003DBEDF /* TileEditorLogo_256.png in Resources */,
				D15751031DE220F6001394F7 /* TileItem.xib in Resources */,
				D16D92131E849C2E003DBEDF /* TileEditorLogo_128.png in Resources */,
				D1A2E6F21DC41EBE00529519 /* Main.storyboard in Resources */,
			);
			runOnlyForDeploymentPostprocessing = 0;
		};
/* End PBXResourcesBuildPhase section */

/* Begin PBXSourcesBuildPhase section */
		D1A2E6E31DC41EBD00529519 /* Sources */ = {
			isa = PBXSourcesBuildPhase;
			buildActionMask = 2147483647;
			files = (
				D1AC8EDC1E8DC81200904DB1 /* Factory.swift in Sources */,
				D14E1D2D1E88B09900FE9F6A /* NESPalette.swift in Sources */,
				D167997C1DCE6B6C001D259A /* TileDrawer.swift in Sources */,
				D1A2E6ED1DC41EBE00529519 /* EditorViewController.swift in Sources */,
				D16D92091E848B56003DBEDF /* TileEditorSettings.swift in Sources */,
				D1AC8EDF1E8F0E5400904DB1 /* String+Hex.swift in Sources */,
				D100BF5F1E80972900CB022B /* TileEditorDocument.swift in Sources */,
				D10625501E25DC4B001CF9D8 /* Selectors.swift in Sources */,
				D15751011DE21DAD001394F7 /* TileCollection.swift in Sources */,
				D100BF5D1E7B815400CB022B /* ROMMenu.swift in Sources */,
				D16913041E6E43F900510216 /* BoxSelectorProtocols.swift in Sources */,
				D1ED7EB91E8815CF00DE2BFF /* FileHandler.swift in Sources */,
				D1BE7D171E80C49300A56600 /* WindowController.swift in Sources */,
				D1ED7EBB1E8816AA00DE2BFF /* FileImportersAndExporters.swift in Sources */,
				D1A2E6FA1DC4208B00529519 /* TileEditor.swift in Sources */,
				D1A2E6EB1DC41EBE00529519 /* AppDelegate.swift in Sources */,
				D11673591DCAAFC4009F52CB /* TileData.swift in Sources */,
			);
			runOnlyForDeploymentPostprocessing = 0;
		};
/* End PBXSourcesBuildPhase section */

/* Begin PBXVariantGroup section */
		D1A2E6F01DC41EBE00529519 /* Main.storyboard */ = {
			isa = PBXVariantGroup;
			children = (
				D1A2E6F11DC41EBE00529519 /* Base */,
			);
			name = Main.storyboard;
			sourceTree = "<group>";
		};
/* End PBXVariantGroup section */

/* Begin XCBuildConfiguration section */
		D1A2E6F41DC41EBE00529519 /* Debug */ = {
			isa = XCBuildConfiguration;
			buildSettings = {
				ALWAYS_SEARCH_USER_PATHS = NO;
				CLANG_ANALYZER_NONNULL = YES;
				CLANG_CXX_LANGUAGE_STANDARD = "gnu++0x";
				CLANG_CXX_LIBRARY = "libc++";
				CLANG_ENABLE_MODULES = YES;
				CLANG_ENABLE_OBJC_ARC = YES;
				CLANG_WARN_BOOL_CONVERSION = YES;
				CLANG_WARN_CONSTANT_CONVERSION = YES;
				CLANG_WARN_DIRECT_OBJC_ISA_USAGE = YES_ERROR;
				CLANG_WARN_DOCUMENTATION_COMMENTS = YES;
				CLANG_WARN_EMPTY_BODY = YES;
				CLANG_WARN_ENUM_CONVERSION = YES;
				CLANG_WARN_INFINITE_RECURSION = YES;
				CLANG_WARN_INT_CONVERSION = YES;
				CLANG_WARN_OBJC_ROOT_CLASS = YES_ERROR;
				CLANG_WARN_SUSPICIOUS_MOVE = YES;
				CLANG_WARN_SUSPICIOUS_MOVES = YES;
				CLANG_WARN_UNREACHABLE_CODE = YES;
				CLANG_WARN__DUPLICATE_METHOD_MATCH = YES;
				CODE_SIGN_IDENTITY = "-";
				COPY_PHASE_STRIP = NO;
				DEBUG_INFORMATION_FORMAT = dwarf;
				ENABLE_STRICT_OBJC_MSGSEND = YES;
				ENABLE_TESTABILITY = YES;
				GCC_C_LANGUAGE_STANDARD = gnu99;
				GCC_DYNAMIC_NO_PIC = NO;
				GCC_NO_COMMON_BLOCKS = YES;
				GCC_OPTIMIZATION_LEVEL = 0;
				GCC_PREPROCESSOR_DEFINITIONS = (
					"DEBUG=1",
					"$(inherited)",
				);
				GCC_WARN_64_TO_32_BIT_CONVERSION = YES;
				GCC_WARN_ABOUT_RETURN_TYPE = YES_ERROR;
				GCC_WARN_UNDECLARED_SELECTOR = YES;
				GCC_WARN_UNINITIALIZED_AUTOS = YES_AGGRESSIVE;
				GCC_WARN_UNUSED_FUNCTION = YES;
				GCC_WARN_UNUSED_VARIABLE = YES;
				MACOSX_DEPLOYMENT_TARGET = 10.12;
				MTL_ENABLE_DEBUG_INFO = YES;
				ONLY_ACTIVE_ARCH = YES;
				SDKROOT = macosx;
				SWIFT_ACTIVE_COMPILATION_CONDITIONS = DEBUG;
				SWIFT_OPTIMIZATION_LEVEL = "-Onone";
			};
			name = Debug;
		};
		D1A2E6F51DC41EBE00529519 /* Release */ = {
			isa = XCBuildConfiguration;
			buildSettings = {
				ALWAYS_SEARCH_USER_PATHS = NO;
				CLANG_ANALYZER_NONNULL = YES;
				CLANG_CXX_LANGUAGE_STANDARD = "gnu++0x";
				CLANG_CXX_LIBRARY = "libc++";
				CLANG_ENABLE_MODULES = YES;
				CLANG_ENABLE_OBJC_ARC = YES;
				CLANG_WARN_BOOL_CONVERSION = YES;
				CLANG_WARN_CONSTANT_CONVERSION = YES;
				CLANG_WARN_DIRECT_OBJC_ISA_USAGE = YES_ERROR;
				CLANG_WARN_DOCUMENTATION_COMMENTS = YES;
				CLANG_WARN_EMPTY_BODY = YES;
				CLANG_WARN_ENUM_CONVERSION = YES;
				CLANG_WARN_INFINITE_RECURSION = YES;
				CLANG_WARN_INT_CONVERSION = YES;
				CLANG_WARN_OBJC_ROOT_CLASS = YES_ERROR;
				CLANG_WARN_SUSPICIOUS_MOVE = YES;
				CLANG_WARN_SUSPICIOUS_MOVES = YES;
				CLANG_WARN_UNREACHABLE_CODE = YES;
				CLANG_WARN__DUPLICATE_METHOD_MATCH = YES;
				CODE_SIGN_IDENTITY = "-";
				COPY_PHASE_STRIP = NO;
				DEBUG_INFORMATION_FORMAT = "dwarf-with-dsym";
				ENABLE_NS_ASSERTIONS = NO;
				ENABLE_STRICT_OBJC_MSGSEND = YES;
				GCC_C_LANGUAGE_STANDARD = gnu99;
				GCC_NO_COMMON_BLOCKS = YES;
				GCC_WARN_64_TO_32_BIT_CONVERSION = YES;
				GCC_WARN_ABOUT_RETURN_TYPE = YES_ERROR;
				GCC_WARN_UNDECLARED_SELECTOR = YES;
				GCC_WARN_UNINITIALIZED_AUTOS = YES_AGGRESSIVE;
				GCC_WARN_UNUSED_FUNCTION = YES;
				GCC_WARN_UNUSED_VARIABLE = YES;
				MACOSX_DEPLOYMENT_TARGET = 10.12;
				MTL_ENABLE_DEBUG_INFO = NO;
				SDKROOT = macosx;
				SWIFT_OPTIMIZATION_LEVEL = "-Owholemodule";
			};
			name = Release;
		};
		D1A2E6F71DC41EBE00529519 /* Debug */ = {
			isa = XCBuildConfiguration;
			buildSettings = {
				ASSETCATALOG_COMPILER_APPICON_NAME = AppIcon;
				COMBINE_HIDPI_IMAGES = YES;
				INFOPLIST_FILE = TileEditor/Info.plist;
				LD_RUNPATH_SEARCH_PATHS = "$(inherited) @executable_path/../Frameworks";
				PRODUCT_BUNDLE_IDENTIFIER = com.yellokrow.TileEditor;
				PRODUCT_NAME = "$(TARGET_NAME)";
				SWIFT_VERSION = 3.0;
			};
			name = Debug;
		};
		D1A2E6F81DC41EBE00529519 /* Release */ = {
			isa = XCBuildConfiguration;
			buildSettings = {
				ASSETCATALOG_COMPILER_APPICON_NAME = AppIcon;
				COMBINE_HIDPI_IMAGES = YES;
				GCC_OPTIMIZATION_LEVEL = fast;
				INFOPLIST_FILE = TileEditor/Info.plist;
				LD_RUNPATH_SEARCH_PATHS = "$(inherited) @executable_path/../Frameworks";
				PRODUCT_BUNDLE_IDENTIFIER = com.yellokrow.TileEditor;
				PRODUCT_NAME = "$(TARGET_NAME)";
				SWIFT_VERSION = 3.0;
			};
			name = Release;
		};
/* End XCBuildConfiguration section */

/* Begin XCConfigurationList section */
		D1A2E6E21DC41EBD00529519 /* Build configuration list for PBXProject "TileEditor" */ = {
			isa = XCConfigurationList;
			buildConfigurations = (
				D1A2E6F41DC41EBE00529519 /* Debug */,
				D1A2E6F51DC41EBE00529519 /* Release */,
			);
			defaultConfigurationIsVisible = 0;
			defaultConfigurationName = Release;
		};
		D1A2E6F61DC41EBE00529519 /* Build configuration list for PBXNativeTarget "TileEditor" */ = {
			isa = XCConfigurationList;
			buildConfigurations = (
				D1A2E6F71DC41EBE00529519 /* Debug */,
				D1A2E6F81DC41EBE00529519 /* Release */,
			);
			defaultConfigurationIsVisible = 0;
			defaultConfigurationName = Release;
		};
/* End XCConfigurationList section */
	};
	rootObject = D1A2E6DF1DC41EBD00529519 /* Project object */;
}
