PODS:
  - ObjcExceptionBridging (1.0.1):
    - ObjcExceptionBridging/ObjcExceptionBridging (= 1.0.1)
  - ObjcExceptionBridging/ObjcExceptionBridging (1.0.1)
  - TileEditor (0.4.0):
    - XCGLogger
  - Utilities (0.1.0):
    - XCGLogger
  - XCGLogger (6.0.2):
    - XCGLogger/Core (= 6.0.2)
  - XCGLogger/Core (6.0.2):
    - ObjcExceptionBridging

DEPENDENCIES:
  - TileEditor (from `../TileEditor`)
  - Utilities (from `Utilities/`)
  - XCGLogger

EXTERNAL SOURCES:
  TileEditor:
    :path: ../TileEditor
  Utilities:
    :path: Utilities/

SPEC CHECKSUMS:
  ObjcExceptionBridging: c30e00eb3700467e695faeea30e26e18bd445001
  TileEditor: f292df9b0c33f9c3029b7d0258c427562aa0a59f
  Utilities: b567f4b247387a0deb9e0a251a5099afa7576575
  XCGLogger: c9601cae9a8912de34a58666ba931ed3d624dd31

PODFILE CHECKSUM: ff79fa1617554d1e4da9de39d3daeb8d20bc0146

COCOAPODS: 1.4.0
