PODS:
  - ObjcExceptionBridging (1.0.1):
    - ObjcExceptionBridging/ObjcExceptionBridging (= 1.0.1)
  - ObjcExceptionBridging/ObjcExceptionBridging (1.0.1)
  - XCGLogger (6.0.2):
    - XCGLogger/Core (= 6.0.2)
  - XCGLogger/Core (6.0.2):
    - ObjcExceptionBridging
  - YKTileEditor (0.4.0):
    - XCGLogger (~> 6.0.2)
  - YKUtilities (0.1.0):
    - XCGLogger (~> 6.0.2)

DEPENDENCIES:
  - XCGLogger
  - YKTileEditor
  - YKUtilities

SPEC CHECKSUMS:
  ObjcExceptionBridging: c30e00eb3700467e695faeea30e26e18bd445001
  XCGLogger: c9601cae9a8912de34a58666ba931ed3d624dd31
  YKTileEditor: 22a47d9f6a4a359d98aee94d71463243b0acf433
  YKUtilities: 0409f80e62d7e54ae1eb97f5ce8cd83770598417

PODFILE CHECKSUM: ee1c7638925d3a73a4cbfa7a58a1fedae07b4800

COCOAPODS: 1.4.0
