// !$*UTF8*$!
{
	archiveVersion = 1;
	classes = {
	};
	objectVersion = 46;
	objects = {

/* Begin PBXBuildFile section */
		0866D8E5FAEAE07D2ED21670 /* Pods_TileEditorPro.framework in Frameworks */ = {isa = PBXBuildFile; fileRef = E797BAA0FDD1A4316D1B2038 /* Pods_TileEditorPro.framework */; };
		D128E5671EB80AB300A9EBB3 /* (null) in Embed Frameworks */ = {isa = PBXBuildFile; settings = {ATTRIBUTES = (CodeSignOnCopy, RemoveHeadersOnCopy, ); }; };
		D1476D911EA11F9A00A19B50 /* FileImportersAndExporters.swift in Sources */ = {isa = PBXBuildFile; fileRef = D1476D901EA11F9A00A19B50 /* FileImportersAndExporters.swift */; };
		D1476D931EA11FAD00A19B50 /* FileHandler.swift in Sources */ = {isa = PBXBuildFile; fileRef = D1476D921EA11FAD00A19B50 /* FileHandler.swift */; };
		D1476D941EA120CF00A19B50 /* AppDelegate.swift in Sources */ = {isa = PBXBuildFile; fileRef = D1A2E6EA1DC41EBE00529519 /* AppDelegate.swift */; };
		D1476D951EA120CF00A19B50 /* EditorViewController.swift in Sources */ = {isa = PBXBuildFile; fileRef = D1A2E6EC1DC41EBE00529519 /* EditorViewController.swift */; };
		D1476D961EA120CF00A19B50 /* WindowController.swift in Sources */ = {isa = PBXBuildFile; fileRef = D1BE7D161E80C49300A56600 /* WindowController.swift */; };
		D1476D9B1EA1232B00A19B50 /* Main.storyboard in Resources */ = {isa = PBXBuildFile; fileRef = D1476D981EA121B800A19B50 /* Main.storyboard */; };
		D16D92111E849C2E003DBEDF /* TileEditorLogo_32.png in Resources */ = {isa = PBXBuildFile; fileRef = D16D920D1E849C2E003DBEDF /* TileEditorLogo_32.png */; };
		D16D92121E849C2E003DBEDF /* TileEditorLogo_64.png in Resources */ = {isa = PBXBuildFile; fileRef = D16D920E1E849C2E003DBEDF /* TileEditorLogo_64.png */; };
		D16D92131E849C2E003DBEDF /* TileEditorLogo_128.png in Resources */ = {isa = PBXBuildFile; fileRef = D16D920F1E849C2E003DBEDF /* TileEditorLogo_128.png */; };
		D16D92141E849C2E003DBEDF /* TileEditorLogo_256.png in Resources */ = {isa = PBXBuildFile; fileRef = D16D92101E849C2E003DBEDF /* TileEditorLogo_256.png */; };
		D16D92161E849C92003DBEDF /* TileEditorLogo_16.png in Resources */ = {isa = PBXBuildFile; fileRef = D16D92151E849C92003DBEDF /* TileEditorLogo_16.png */; };
		D16D92181E849FA3003DBEDF /* TileEditorLogo_512.png in Resources */ = {isa = PBXBuildFile; fileRef = D16D92171E849FA3003DBEDF /* TileEditorLogo_512.png */; };
		D170095E1EC3D82D00D4AA55 /* TileEditorProDocumentController.swift in Sources */ = {isa = PBXBuildFile; fileRef = D170095D1EC3D82D00D4AA55 /* TileEditorProDocumentController.swift */; };
		D17BA7711EA100CA006047FC /* ROMMenu.swift in Sources */ = {isa = PBXBuildFile; fileRef = D17BA76F1EA100CA006047FC /* ROMMenu.swift */; };
		D17BA7721EA100CA006047FC /* ROMMenuItem.swift in Sources */ = {isa = PBXBuildFile; fileRef = D17BA7701EA100CA006047FC /* ROMMenuItem.swift */; };
		D17BA77C1EA10202006047FC /* TileEditorDocument.swift in Sources */ = {isa = PBXBuildFile; fileRef = D17BA77B1EA10202006047FC /* TileEditorDocument.swift */; };
		D17BA77E1EA1024A006047FC /* TileEditorSettings.swift in Sources */ = {isa = PBXBuildFile; fileRef = D17BA77D1EA1024A006047FC /* TileEditorSettings.swift */; };
		D1A2E6EF1DC41EBE00529519 /* Assets.xcassets in Resources */ = {isa = PBXBuildFile; fileRef = D1A2E6EE1DC41EBE00529519 /* Assets.xcassets */; };
		D1E188111F71C1B700E63BE3 /* EditorViewController-IBActions.swift in Sources */ = {isa = PBXBuildFile; fileRef = D1E188101F71C1B700E63BE3 /* EditorViewController-IBActions.swift */; };
		D1E188151F71C20D00E63BE3 /* EditorViewController-Protocols.swift in Sources */ = {isa = PBXBuildFile; fileRef = D1E188141F71C20D00E63BE3 /* EditorViewController-Protocols.swift */; };
/* End PBXBuildFile section */

/* Begin PBXCopyFilesBuildPhase section */
		D17BA78C1EA11BE0006047FC /* Embed Frameworks */ = {
			isa = PBXCopyFilesBuildPhase;
			buildActionMask = 2147483647;
			dstPath = "";
			dstSubfolderSpec = 10;
			files = (
				D128E5671EB80AB300A9EBB3 /* (null) in Embed Frameworks */,
			);
			name = "Embed Frameworks";
			runOnlyForDeploymentPostprocessing = 0;
		};
/* End PBXCopyFilesBuildPhase section */

/* Begin PBXFileReference section */
		D1476D901EA11F9A00A19B50 /* FileImportersAndExporters.swift */ = {isa = PBXFileReference; fileEncoding = 4; lastKnownFileType = sourcecode.swift; name = FileImportersAndExporters.swift; path = TileEditorPro/FileImportersAndExporters.swift; sourceTree = SOURCE_ROOT; };
		D1476D921EA11FAD00A19B50 /* FileHandler.swift */ = {isa = PBXFileReference; fileEncoding = 4; lastKnownFileType = sourcecode.swift; name = FileHandler.swift; path = TileEditorPro/FileHandler.swift; sourceTree = SOURCE_ROOT; };
		D1476D991EA121B800A19B50 /* Base */ = {isa = PBXFileReference; lastKnownFileType = file.storyboard; name = Base; path = TileEditorPro/Base.lproj/Main.storyboard; sourceTree = SOURCE_ROOT; };
		D16D920D1E849C2E003DBEDF /* TileEditorLogo_32.png */ = {isa = PBXFileReference; lastKnownFileType = image.png; name = TileEditorLogo_32.png; path = Images/TileEditorLogo_32.png; sourceTree = SOURCE_ROOT; };
		D16D920E1E849C2E003DBEDF /* TileEditorLogo_64.png */ = {isa = PBXFileReference; lastKnownFileType = image.png; name = TileEditorLogo_64.png; path = Images/TileEditorLogo_64.png; sourceTree = SOURCE_ROOT; };
		D16D920F1E849C2E003DBEDF /* TileEditorLogo_128.png */ = {isa = PBXFileReference; lastKnownFileType = image.png; name = TileEditorLogo_128.png; path = Images/TileEditorLogo_128.png; sourceTree = SOURCE_ROOT; };
		D16D92101E849C2E003DBEDF /* TileEditorLogo_256.png */ = {isa = PBXFileReference; lastKnownFileType = image.png; name = TileEditorLogo_256.png; path = Images/TileEditorLogo_256.png; sourceTree = SOURCE_ROOT; };
		D16D92151E849C92003DBEDF /* TileEditorLogo_16.png */ = {isa = PBXFileReference; lastKnownFileType = image.png; name = TileEditorLogo_16.png; path = Images/TileEditorLogo_16.png; sourceTree = SOURCE_ROOT; };
		D16D92171E849FA3003DBEDF /* TileEditorLogo_512.png */ = {isa = PBXFileReference; lastKnownFileType = image.png; name = TileEditorLogo_512.png; path = Images/TileEditorLogo_512.png; sourceTree = SOURCE_ROOT; };
		D170095D1EC3D82D00D4AA55 /* TileEditorProDocumentController.swift */ = {isa = PBXFileReference; fileEncoding = 4; lastKnownFileType = sourcecode.swift; name = TileEditorProDocumentController.swift; path = TileEditorPro/TileEditorProDocumentController.swift; sourceTree = SOURCE_ROOT; };
		D17BA76F1EA100CA006047FC /* ROMMenu.swift */ = {isa = PBXFileReference; fileEncoding = 4; lastKnownFileType = sourcecode.swift; name = ROMMenu.swift; path = TileEditorPro/ROMMenu.swift; sourceTree = SOURCE_ROOT; };
		D17BA7701EA100CA006047FC /* ROMMenuItem.swift */ = {isa = PBXFileReference; fileEncoding = 4; lastKnownFileType = sourcecode.swift; name = ROMMenuItem.swift; path = TileEditorPro/ROMMenuItem.swift; sourceTree = SOURCE_ROOT; };
		D17BA7731EA1016B006047FC /* Info.plist */ = {isa = PBXFileReference; fileEncoding = 4; lastKnownFileType = text.plist.xml; name = Info.plist; path = TileEditorPro/Info.plist; sourceTree = SOURCE_ROOT; };
		D17BA77B1EA10202006047FC /* TileEditorDocument.swift */ = {isa = PBXFileReference; fileEncoding = 4; lastKnownFileType = sourcecode.swift; name = TileEditorDocument.swift; path = TileEditorPro/TileEditorDocument.swift; sourceTree = SOURCE_ROOT; };
		D17BA77D1EA1024A006047FC /* TileEditorSettings.swift */ = {isa = PBXFileReference; fileEncoding = 4; lastKnownFileType = sourcecode.swift; name = TileEditorSettings.swift; path = TileEditorPro/TileEditorSettings.swift; sourceTree = SOURCE_ROOT; };
		D1A2E6E71DC41EBE00529519 /* TileEditorPro.app */ = {isa = PBXFileReference; explicitFileType = wrapper.application; includeInIndex = 0; path = TileEditorPro.app; sourceTree = BUILT_PRODUCTS_DIR; };
		D1A2E6EA1DC41EBE00529519 /* AppDelegate.swift */ = {isa = PBXFileReference; lastKnownFileType = sourcecode.swift; name = AppDelegate.swift; path = TileEditorPro/AppDelegate.swift; sourceTree = SOURCE_ROOT; };
		D1A2E6EC1DC41EBE00529519 /* EditorViewController.swift */ = {isa = PBXFileReference; lastKnownFileType = sourcecode.swift; name = EditorViewController.swift; path = TileEditorPro/EditorViewController.swift; sourceTree = SOURCE_ROOT; };
		D1A2E6EE1DC41EBE00529519 /* Assets.xcassets */ = {isa = PBXFileReference; lastKnownFileType = folder.assetcatalog; name = Assets.xcassets; path = TileEditorPro/Assets.xcassets; sourceTree = SOURCE_ROOT; };
		D1BE7D161E80C49300A56600 /* WindowController.swift */ = {isa = PBXFileReference; fileEncoding = 4; lastKnownFileType = sourcecode.swift; name = WindowController.swift; path = TileEditorPro/WindowController.swift; sourceTree = SOURCE_ROOT; };
		D1E188101F71C1B700E63BE3 /* EditorViewController-IBActions.swift */ = {isa = PBXFileReference; fileEncoding = 4; lastKnownFileType = sourcecode.swift; name = "EditorViewController-IBActions.swift"; path = "TileEditorPro/EditorViewController-IBActions.swift"; sourceTree = SOURCE_ROOT; };
		D1E188141F71C20D00E63BE3 /* EditorViewController-Protocols.swift */ = {isa = PBXFileReference; fileEncoding = 4; lastKnownFileType = sourcecode.swift; name = "EditorViewController-Protocols.swift"; path = "TileEditorPro/EditorViewController-Protocols.swift"; sourceTree = SOURCE_ROOT; };
		D6BB5842C3C58A204F33789D /* Pods-TileEditorPro.release.xcconfig */ = {isa = PBXFileReference; includeInIndex = 1; lastKnownFileType = text.xcconfig; name = "Pods-TileEditorPro.release.xcconfig"; path = "Pods/Target Support Files/Pods-TileEditorPro/Pods-TileEditorPro.release.xcconfig"; sourceTree = "<group>"; };
		E797BAA0FDD1A4316D1B2038 /* Pods_TileEditorPro.framework */ = {isa = PBXFileReference; explicitFileType = wrapper.framework; includeInIndex = 0; path = Pods_TileEditorPro.framework; sourceTree = BUILT_PRODUCTS_DIR; };
		ED54BDDBE324564F0524AAF8 /* Pods-TileEditorPro.debug.xcconfig */ = {isa = PBXFileReference; includeInIndex = 1; lastKnownFileType = text.xcconfig; name = "Pods-TileEditorPro.debug.xcconfig"; path = "Pods/Target Support Files/Pods-TileEditorPro/Pods-TileEditorPro.debug.xcconfig"; sourceTree = "<group>"; };
/* End PBXFileReference section */

/* Begin PBXFrameworksBuildPhase section */
		D1A2E6E41DC41EBD00529519 /* Frameworks */ = {
			isa = PBXFrameworksBuildPhase;
			buildActionMask = 2147483647;
			files = (
				0866D8E5FAEAE07D2ED21670 /* Pods_TileEditorPro.framework in Frameworks */,
			);
			runOnlyForDeploymentPostprocessing = 0;
		};
/* End PBXFrameworksBuildPhase section */

/* Begin PBXGroup section */
		924E90EC6F87E77975A36FB8 /* Frameworks */ = {
			isa = PBXGroup;
			children = (
				E797BAA0FDD1A4316D1B2038 /* Pods_TileEditorPro.framework */,
			);
			name = Frameworks;
			sourceTree = "<group>";
		};
		D128E56E1EB80FF700A9EBB3 /* Controllers */ = {
			isa = PBXGroup;
			children = (
				D17BA77D1EA1024A006047FC /* TileEditorSettings.swift */,
			);
			name = Controllers;
			sourceTree = "<group>";
		};
		D159C2251E6CE419000791F9 /* FileProcessing */ = {
			isa = PBXGroup;
			children = (
				D1476D921EA11FAD00A19B50 /* FileHandler.swift */,
				D1476D901EA11F9A00A19B50 /* FileImportersAndExporters.swift */,
			);
			name = FileProcessing;
			sourceTree = "<group>";
		};
		D16D920A1E849A7C003DBEDF /* Images */ = {
			isa = PBXGroup;
			children = (
				D16D92151E849C92003DBEDF /* TileEditorLogo_16.png */,
				D16D920D1E849C2E003DBEDF /* TileEditorLogo_32.png */,
				D16D920E1E849C2E003DBEDF /* TileEditorLogo_64.png */,
				D16D920F1E849C2E003DBEDF /* TileEditorLogo_128.png */,
				D16D92101E849C2E003DBEDF /* TileEditorLogo_256.png */,
				D16D92171E849FA3003DBEDF /* TileEditorLogo_512.png */,
			);
			name = Images;
			sourceTree = "<group>";
		};
		D1A2E6DE1DC41EBD00529519 = {
			isa = PBXGroup;
			children = (
				D1A2E6E91DC41EBE00529519 /* TileEditorPro */,
				D1A2E6E81DC41EBE00529519 /* Products */,
				E7F63106CCDB2B11806BD700 /* Pods */,
				924E90EC6F87E77975A36FB8 /* Frameworks */,
			);
			sourceTree = "<group>";
		};
		D1A2E6E81DC41EBE00529519 /* Products */ = {
			isa = PBXGroup;
			children = (
				D1A2E6E71DC41EBE00529519 /* TileEditorPro.app */,
			);
			name = Products;
			sourceTree = "<group>";
		};
		D1A2E6E91DC41EBE00529519 /* TileEditorPro */ = {
			isa = PBXGroup;
			children = (
				D170095D1EC3D82D00D4AA55 /* TileEditorProDocumentController.swift */,
				D17BA77B1EA10202006047FC /* TileEditorDocument.swift */,
				D128E56E1EB80FF700A9EBB3 /* Controllers */,
				D1ED7EB51E880D9100DE2BFF /* Menu */,
				D16D920A1E849A7C003DBEDF /* Images */,
				D159C2251E6CE419000791F9 /* FileProcessing */,
				D1A2E6EA1DC41EBE00529519 /* AppDelegate.swift */,
				D1E1880F1F71C17300E63BE3 /* ViewControllers */,
				D1A2E6EE1DC41EBE00529519 /* Assets.xcassets */,
				D1BE7D161E80C49300A56600 /* WindowController.swift */,
				D1476D981EA121B800A19B50 /* Main.storyboard */,
				D17BA7731EA1016B006047FC /* Info.plist */,
			);
			name = TileEditorPro;
			path = TileEditor;
			sourceTree = "<group>";
		};
		D1E1880F1F71C17300E63BE3 /* ViewControllers */ = {
			isa = PBXGroup;
			children = (
				D1A2E6EC1DC41EBE00529519 /* EditorViewController.swift */,
				D1E188141F71C20D00E63BE3 /* EditorViewController-Protocols.swift */,
				D1E188101F71C1B700E63BE3 /* EditorViewController-IBActions.swift */,
			);
			name = ViewControllers;
			sourceTree = "<group>";
		};
		D1ED7EB51E880D9100DE2BFF /* Menu */ = {
			isa = PBXGroup;
			children = (
				D17BA76F1EA100CA006047FC /* ROMMenu.swift */,
				D17BA7701EA100CA006047FC /* ROMMenuItem.swift */,
			);
			name = Menu;
			sourceTree = "<group>";
		};
		E7F63106CCDB2B11806BD700 /* Pods */ = {
			isa = PBXGroup;
			children = (
				ED54BDDBE324564F0524AAF8 /* Pods-TileEditorPro.debug.xcconfig */,
				D6BB5842C3C58A204F33789D /* Pods-TileEditorPro.release.xcconfig */,
			);
			name = Pods;
			sourceTree = "<group>";
		};
/* End PBXGroup section */

/* Begin PBXNativeTarget section */
		D1A2E6E61DC41EBD00529519 /* TileEditorPro */ = {
			isa = PBXNativeTarget;
			buildConfigurationList = D1A2E6F61DC41EBE00529519 /* Build configuration list for PBXNativeTarget "TileEditorPro" */;
			buildPhases = (
				EDC5C7F40D0A757FD634495A /* [CP] Check Pods Manifest.lock */,
				D1A2E6E31DC41EBD00529519 /* Sources */,
				D1A2E6E41DC41EBD00529519 /* Frameworks */,
				D1A2E6E51DC41EBD00529519 /* Resources */,
				D17BA78C1EA11BE0006047FC /* Embed Frameworks */,
				A4C3F693491C2FF69399C1E0 /* [CP] Embed Pods Frameworks */,
				0B0C44BD2A55DE716B4015E9 /* [CP] Copy Pods Resources */,
			);
			buildRules = (
			);
			dependencies = (
			);
			name = TileEditorPro;
			productName = TileEditor;
			productReference = D1A2E6E71DC41EBE00529519 /* TileEditorPro.app */;
			productType = "com.apple.product-type.application";
		};
/* End PBXNativeTarget section */

/* Begin PBXProject section */
		D1A2E6DF1DC41EBD00529519 /* Project object */ = {
			isa = PBXProject;
			attributes = {
				LastSwiftUpdateCheck = 0800;
				LastUpgradeCheck = 0830;
				ORGANIZATIONNAME = yellokrow;
				TargetAttributes = {
					D1A2E6E61DC41EBD00529519 = {
						CreatedOnToolsVersion = 8.0;
						LastSwiftMigration = 0900;
						ProvisioningStyle = Automatic;
					};
				};
			};
			buildConfigurationList = D1A2E6E21DC41EBD00529519 /* Build configuration list for PBXProject "TileEditorPro" */;
			compatibilityVersion = "Xcode 3.2";
			developmentRegion = English;
			hasScannedForEncodings = 0;
			knownRegions = (
				en,
				Base,
			);
			mainGroup = D1A2E6DE1DC41EBD00529519;
			productRefGroup = D1A2E6E81DC41EBE00529519 /* Products */;
			projectDirPath = "";
			projectRoot = "";
			targets = (
				D1A2E6E61DC41EBD00529519 /* TileEditorPro */,
			);
		};
/* End PBXProject section */

/* Begin PBXResourcesBuildPhase section */
		D1A2E6E51DC41EBD00529519 /* Resources */ = {
			isa = PBXResourcesBuildPhase;
			buildActionMask = 2147483647;
			files = (
				D16D92181E849FA3003DBEDF /* TileEditorLogo_512.png in Resources */,
				D16D92111E849C2E003DBEDF /* TileEditorLogo_32.png in Resources */,
				D16D92161E849C92003DBEDF /* TileEditorLogo_16.png in Resources */,
				D16D92121E849C2E003DBEDF /* TileEditorLogo_64.png in Resources */,
				D1A2E6EF1DC41EBE00529519 /* Assets.xcassets in Resources */,
				D1476D9B1EA1232B00A19B50 /* Main.storyboard in Resources */,
				D16D92141E849C2E003DBEDF /* TileEditorLogo_256.png in Resources */,
				D16D92131E849C2E003DBEDF /* TileEditorLogo_128.png in Resources */,
			);
			runOnlyForDeploymentPostprocessing = 0;
		};
/* End PBXResourcesBuildPhase section */

/* Begin PBXShellScriptBuildPhase section */
		0B0C44BD2A55DE716B4015E9 /* [CP] Copy Pods Resources */ = {
			isa = PBXShellScriptBuildPhase;
			buildActionMask = 2147483647;
			files = (
			);
			inputPaths = (
			);
			name = "[CP] Copy Pods Resources";
			outputPaths = (
			);
			runOnlyForDeploymentPostprocessing = 0;
			shellPath = /bin/sh;
			shellScript = "\"${SRCROOT}/Pods/Target Support Files/Pods-TileEditorPro/Pods-TileEditorPro-resources.sh\"\n";
			showEnvVarsInLog = 0;
		};
		A4C3F693491C2FF69399C1E0 /* [CP] Embed Pods Frameworks */ = {
			isa = PBXShellScriptBuildPhase;
			buildActionMask = 2147483647;
			files = (
			);
			inputPaths = (
				"${SRCROOT}/Pods/Target Support Files/Pods-TileEditorPro/Pods-TileEditorPro-frameworks.sh",
				"${BUILT_PRODUCTS_DIR}/ObjcExceptionBridging/ObjcExceptionBridging.framework",
				"${BUILT_PRODUCTS_DIR}/TileEditor/TileEditor.framework",
				"${BUILT_PRODUCTS_DIR}/Utilities/Utilities.framework",
				"${BUILT_PRODUCTS_DIR}/XCGLogger/XCGLogger.framework",
			);
			name = "[CP] Embed Pods Frameworks";
			outputPaths = (
				"${TARGET_BUILD_DIR}/${FRAMEWORKS_FOLDER_PATH}/ObjcExceptionBridging.framework",
				"${TARGET_BUILD_DIR}/${FRAMEWORKS_FOLDER_PATH}/TileEditor.framework",
				"${TARGET_BUILD_DIR}/${FRAMEWORKS_FOLDER_PATH}/Utilities.framework",
				"${TARGET_BUILD_DIR}/${FRAMEWORKS_FOLDER_PATH}/XCGLogger.framework",
			);
			runOnlyForDeploymentPostprocessing = 0;
			shellPath = /bin/sh;
			shellScript = "\"${SRCROOT}/Pods/Target Support Files/Pods-TileEditorPro/Pods-TileEditorPro-frameworks.sh\"\n";
			showEnvVarsInLog = 0;
		};
		EDC5C7F40D0A757FD634495A /* [CP] Check Pods Manifest.lock */ = {
			isa = PBXShellScriptBuildPhase;
			buildActionMask = 2147483647;
			files = (
			);
			inputPaths = (
				"${PODS_PODFILE_DIR_PATH}/Podfile.lock",
				"${PODS_ROOT}/Manifest.lock",
			);
			name = "[CP] Check Pods Manifest.lock";
			outputPaths = (
				"$(DERIVED_FILE_DIR)/Pods-TileEditorPro-checkManifestLockResult.txt",
			);
			runOnlyForDeploymentPostprocessing = 0;
			shellPath = /bin/sh;
			shellScript = "diff \"${PODS_PODFILE_DIR_PATH}/Podfile.lock\" \"${PODS_ROOT}/Manifest.lock\" > /dev/null\nif [ $? != 0 ] ; then\n    # print error to STDERR\n    echo \"error: The sandbox is not in sync with the Podfile.lock. Run 'pod install' or update your CocoaPods installation.\" >&2\n    exit 1\nfi\n# This output is used by Xcode 'outputs' to avoid re-running this script phase.\necho \"SUCCESS\" > \"${SCRIPT_OUTPUT_FILE_0}\"\n";
			showEnvVarsInLog = 0;
		};
/* End PBXShellScriptBuildPhase section */

/* Begin PBXSourcesBuildPhase section */
		D1A2E6E31DC41EBD00529519 /* Sources */ = {
			isa = PBXSourcesBuildPhase;
			buildActionMask = 2147483647;
			files = (
				D1476D941EA120CF00A19B50 /* AppDelegate.swift in Sources */,
				D170095E1EC3D82D00D4AA55 /* TileEditorProDocumentController.swift in Sources */,
				D1476D951EA120CF00A19B50 /* EditorViewController.swift in Sources */,
				D1E188151F71C20D00E63BE3 /* EditorViewController-Protocols.swift in Sources */,
				D1476D961EA120CF00A19B50 /* WindowController.swift in Sources */,
				D17BA77E1EA1024A006047FC /* TileEditorSettings.swift in Sources */,
				D17BA7721EA100CA006047FC /* ROMMenuItem.swift in Sources */,
				D17BA77C1EA10202006047FC /* TileEditorDocument.swift in Sources */,
				D1476D911EA11F9A00A19B50 /* FileImportersAndExporters.swift in Sources */,
				D1476D931EA11FAD00A19B50 /* FileHandler.swift in Sources */,
				D1E188111F71C1B700E63BE3 /* EditorViewController-IBActions.swift in Sources */,
				D17BA7711EA100CA006047FC /* ROMMenu.swift in Sources */,
			);
			runOnlyForDeploymentPostprocessing = 0;
		};
/* End PBXSourcesBuildPhase section */

/* Begin PBXVariantGroup section */
		D1476D981EA121B800A19B50 /* Main.storyboard */ = {
			isa = PBXVariantGroup;
			children = (
				D1476D991EA121B800A19B50 /* Base */,
			);
			name = Main.storyboard;
			sourceTree = "<group>";
		};
/* End PBXVariantGroup section */

/* Begin XCBuildConfiguration section */
		D1A2E6F41DC41EBE00529519 /* Debug */ = {
			isa = XCBuildConfiguration;
			buildSettings = {
				ALWAYS_SEARCH_USER_PATHS = NO;
				CLANG_ANALYZER_NONNULL = YES;
				CLANG_CXX_LANGUAGE_STANDARD = "gnu++0x";
				CLANG_CXX_LIBRARY = "libc++";
				CLANG_ENABLE_MODULES = YES;
				CLANG_ENABLE_OBJC_ARC = YES;
				CLANG_WARN_BOOL_CONVERSION = YES;
				CLANG_WARN_CONSTANT_CONVERSION = YES;
				CLANG_WARN_DIRECT_OBJC_ISA_USAGE = YES_ERROR;
				CLANG_WARN_DOCUMENTATION_COMMENTS = YES;
				CLANG_WARN_EMPTY_BODY = YES;
				CLANG_WARN_ENUM_CONVERSION = YES;
				CLANG_WARN_INFINITE_RECURSION = YES;
				CLANG_WARN_INT_CONVERSION = YES;
				CLANG_WARN_OBJC_ROOT_CLASS = YES_ERROR;
				CLANG_WARN_SUSPICIOUS_MOVE = YES;
				CLANG_WARN_SUSPICIOUS_MOVES = YES;
				CLANG_WARN_UNREACHABLE_CODE = YES;
				CLANG_WARN__DUPLICATE_METHOD_MATCH = YES;
				CODE_SIGN_IDENTITY = "-";
				COPY_PHASE_STRIP = NO;
				DEBUG_INFORMATION_FORMAT = dwarf;
				ENABLE_STRICT_OBJC_MSGSEND = YES;
				ENABLE_TESTABILITY = YES;
				GCC_C_LANGUAGE_STANDARD = gnu99;
				GCC_DYNAMIC_NO_PIC = NO;
				GCC_NO_COMMON_BLOCKS = YES;
				GCC_OPTIMIZATION_LEVEL = 0;
				GCC_PREPROCESSOR_DEFINITIONS = (
					"DEBUG=1",
					"$(inherited)",
				);
				GCC_WARN_64_TO_32_BIT_CONVERSION = YES;
				GCC_WARN_ABOUT_RETURN_TYPE = YES_ERROR;
				GCC_WARN_UNDECLARED_SELECTOR = YES;
				GCC_WARN_UNINITIALIZED_AUTOS = YES_AGGRESSIVE;
				GCC_WARN_UNUSED_FUNCTION = YES;
				GCC_WARN_UNUSED_VARIABLE = YES;
				MACOSX_DEPLOYMENT_TARGET = 10.12;
				MTL_ENABLE_DEBUG_INFO = YES;
				ONLY_ACTIVE_ARCH = YES;
				SDKROOT = macosx;
				SWIFT_ACTIVE_COMPILATION_CONDITIONS = DEBUG;
				SWIFT_OPTIMIZATION_LEVEL = "-Onone";
			};
			name = Debug;
		};
		D1A2E6F51DC41EBE00529519 /* Release */ = {
			isa = XCBuildConfiguration;
			buildSettings = {
				ALWAYS_SEARCH_USER_PATHS = NO;
				CLANG_ANALYZER_NONNULL = YES;
				CLANG_CXX_LANGUAGE_STANDARD = "gnu++0x";
				CLANG_CXX_LIBRARY = "libc++";
				CLANG_ENABLE_MODULES = YES;
				CLANG_ENABLE_OBJC_ARC = YES;
				CLANG_WARN_BOOL_CONVERSION = YES;
				CLANG_WARN_CONSTANT_CONVERSION = YES;
				CLANG_WARN_DIRECT_OBJC_ISA_USAGE = YES_ERROR;
				CLANG_WARN_DOCUMENTATION_COMMENTS = YES;
				CLANG_WARN_EMPTY_BODY = YES;
				CLANG_WARN_ENUM_CONVERSION = YES;
				CLANG_WARN_INFINITE_RECURSION = YES;
				CLANG_WARN_INT_CONVERSION = YES;
				CLANG_WARN_OBJC_ROOT_CLASS = YES_ERROR;
				CLANG_WARN_SUSPICIOUS_MOVE = YES;
				CLANG_WARN_SUSPICIOUS_MOVES = YES;
				CLANG_WARN_UNREACHABLE_CODE = YES;
				CLANG_WARN__DUPLICATE_METHOD_MATCH = YES;
				CODE_SIGN_IDENTITY = "-";
				COPY_PHASE_STRIP = NO;
				DEBUG_INFORMATION_FORMAT = "dwarf-with-dsym";
				ENABLE_NS_ASSERTIONS = NO;
				ENABLE_STRICT_OBJC_MSGSEND = YES;
				GCC_C_LANGUAGE_STANDARD = gnu99;
				GCC_NO_COMMON_BLOCKS = YES;
				GCC_WARN_64_TO_32_BIT_CONVERSION = YES;
				GCC_WARN_ABOUT_RETURN_TYPE = YES_ERROR;
				GCC_WARN_UNDECLARED_SELECTOR = YES;
				GCC_WARN_UNINITIALIZED_AUTOS = YES_AGGRESSIVE;
				GCC_WARN_UNUSED_FUNCTION = YES;
				GCC_WARN_UNUSED_VARIABLE = YES;
				MACOSX_DEPLOYMENT_TARGET = 10.12;
				MTL_ENABLE_DEBUG_INFO = NO;
				SDKROOT = macosx;
				SWIFT_OPTIMIZATION_LEVEL = "-Owholemodule";
			};
			name = Release;
		};
		D1A2E6F71DC41EBE00529519 /* Debug */ = {
			isa = XCBuildConfiguration;
			baseConfigurationReference = ED54BDDBE324564F0524AAF8 /* Pods-TileEditorPro.debug.xcconfig */;
			buildSettings = {
				ALWAYS_EMBED_SWIFT_STANDARD_LIBRARIES = YES;
				ASSETCATALOG_COMPILER_APPICON_NAME = AppIcon;
				COMBINE_HIDPI_IMAGES = YES;
				INFOPLIST_FILE = TileEditorPro/Info.plist;
				LD_RUNPATH_SEARCH_PATHS = "$(inherited) @executable_path/../Frameworks";
				MACOSX_DEPLOYMENT_TARGET = 10.11;
				PRODUCT_BUNDLE_IDENTIFIER = com.yellokrow.TileEditorPro;
				PRODUCT_NAME = "$(TARGET_NAME)";
				SWIFT_SWIFT3_OBJC_INFERENCE = On;
				SWIFT_VERSION = 4.0;
			};
			name = Debug;
		};
		D1A2E6F81DC41EBE00529519 /* Release */ = {
			isa = XCBuildConfiguration;
			baseConfigurationReference = D6BB5842C3C58A204F33789D /* Pods-TileEditorPro.release.xcconfig */;
			buildSettings = {
				ALWAYS_EMBED_SWIFT_STANDARD_LIBRARIES = YES;
				ASSETCATALOG_COMPILER_APPICON_NAME = AppIcon;
				COMBINE_HIDPI_IMAGES = YES;
				GCC_OPTIMIZATION_LEVEL = fast;
				INFOPLIST_FILE = TileEditorPro/Info.plist;
				LD_RUNPATH_SEARCH_PATHS = "$(inherited) @executable_path/../Frameworks";
				MACOSX_DEPLOYMENT_TARGET = 10.11;
				PRODUCT_BUNDLE_IDENTIFIER = com.yellokrow.TileEditorPro;
				PRODUCT_NAME = "$(TARGET_NAME)";
				SWIFT_SWIFT3_OBJC_INFERENCE = On;
				SWIFT_VERSION = 4.0;
			};
			name = Release;
		};
/* End XCBuildConfiguration section */

/* Begin XCConfigurationList section */
		D1A2E6E21DC41EBD00529519 /* Build configuration list for PBXProject "TileEditorPro" */ = {
			isa = XCConfigurationList;
			buildConfigurations = (
				D1A2E6F41DC41EBE00529519 /* Debug */,
				D1A2E6F51DC41EBE00529519 /* Release */,
			);
			defaultConfigurationIsVisible = 0;
			defaultConfigurationName = Release;
		};
		D1A2E6F61DC41EBE00529519 /* Build configuration list for PBXNativeTarget "TileEditorPro" */ = {
			isa = XCConfigurationList;
			buildConfigurations = (
				D1A2E6F71DC41EBE00529519 /* Debug */,
				D1A2E6F81DC41EBE00529519 /* Release */,
			);
			defaultConfigurationIsVisible = 0;
			defaultConfigurationName = Release;
		};
/* End XCConfigurationList section */
	};
	rootObject = D1A2E6DF1DC41EBD00529519 /* Project object */;
}
